// !$*UTF8*$!
{
	archiveVersion = 1;
	classes = {
	};
	objectVersion = 46;
	objects = {

/* Begin PBXBuildFile section */
		3000B58414F426C00054E59A /* UIKit.framework in Frameworks */ = {isa = PBXBuildFile; fileRef = 3000B58314F426C00054E59A /* UIKit.framework */; };
		3000B58614F426C00054E59A /* Foundation.framework in Frameworks */ = {isa = PBXBuildFile; fileRef = 3000B58514F426C00054E59A /* Foundation.framework */; };
		3000B58814F426C00054E59A /* CoreGraphics.framework in Frameworks */ = {isa = PBXBuildFile; fileRef = 3000B58714F426C00054E59A /* CoreGraphics.framework */; };
		3000B58E14F426C00054E59A /* InfoPlist.strings in Resources */ = {isa = PBXBuildFile; fileRef = 3000B58C14F426C00054E59A /* InfoPlist.strings */; };
		3000B59014F426C00054E59A /* main.m in Sources */ = {isa = PBXBuildFile; fileRef = 3000B58F14F426C00054E59A /* main.m */; };
		3000B59414F426C00054E59A /* UNCCAppDelegate.m in Sources */ = {isa = PBXBuildFile; fileRef = 3000B59314F426C00054E59A /* UNCCAppDelegate.m */; };
		301FBB1814F427D50093161F /* GPSView.m in Sources */ = {isa = PBXBuildFile; fileRef = 301FBB1714F427D50093161F /* GPSView.m */; };
		301FBB1B14F428070093161F /* MapKit.framework in Frameworks */ = {isa = PBXBuildFile; fileRef = 301FBB1A14F428070093161F /* MapKit.framework */; };
		301FBB2114F4295C0093161F /* CoreLocation.framework in Frameworks */ = {isa = PBXBuildFile; fileRef = 301FBB2014F4295C0093161F /* CoreLocation.framework */; };
		302DE28514F4420E00AAB79D /* AccelerationView.m in Sources */ = {isa = PBXBuildFile; fileRef = 302DE28414F4420E00AAB79D /* AccelerationView.m */; };
		302DE28F14F444D200AAB79D /* QuartzCore.framework in Frameworks */ = {isa = PBXBuildFile; fileRef = 302DE28E14F444D200AAB79D /* QuartzCore.framework */; };
		30635C24151B9987009DE521 /* NSString+Base64.m in Sources */ = {isa = PBXBuildFile; fileRef = 30635C23151B9987009DE521 /* NSString+Base64.m */; };
		30635C28151B9A4D009DE521 /* NSData+Base64.m in Sources */ = {isa = PBXBuildFile; fileRef = 30635C27151B9A4C009DE521 /* NSData+Base64.m */; };
		30635C2B151BA888009DE521 /* ToolKitXMLBuilder.m in Sources */ = {isa = PBXBuildFile; fileRef = 30635C2A151BA887009DE521 /* ToolKitXMLBuilder.m */; };
		3076C1BA15408E4200599BAB /* IncentivesViewController.m in Sources */ = {isa = PBXBuildFile; fileRef = 3076C1B815408E4200599BAB /* IncentivesViewController.m */; };
		3076C1BB15408E4200599BAB /* IncentivesViewController.xib in Resources */ = {isa = PBXBuildFile; fileRef = 3076C1B915408E4200599BAB /* IncentivesViewController.xib */; };
		308D88AC1546F5DF00A39754 /* ASIAuthenticationDialog.m in Sources */ = {isa = PBXBuildFile; fileRef = 308D885B1546F5DF00A39754 /* ASIAuthenticationDialog.m */; settings = {COMPILER_FLAGS = " -fno-objc-arc"; }; };
		308D88AD1546F5DF00A39754 /* ASIDataCompressor.m in Sources */ = {isa = PBXBuildFile; fileRef = 308D885E1546F5DF00A39754 /* ASIDataCompressor.m */; settings = {COMPILER_FLAGS = " -fno-objc-arc"; }; };
		308D88AE1546F5DF00A39754 /* ASIDataDecompressor.m in Sources */ = {isa = PBXBuildFile; fileRef = 308D88601546F5DF00A39754 /* ASIDataDecompressor.m */; settings = {COMPILER_FLAGS = " -fno-objc-arc"; }; };
		308D88AF1546F5DF00A39754 /* ASIDownloadCache.m in Sources */ = {isa = PBXBuildFile; fileRef = 308D88621546F5DF00A39754 /* ASIDownloadCache.m */; settings = {COMPILER_FLAGS = " -fno-objc-arc"; }; };
		308D88B01546F5DF00A39754 /* ASIFormDataRequest.m in Sources */ = {isa = PBXBuildFile; fileRef = 308D88641546F5DF00A39754 /* ASIFormDataRequest.m */; settings = {COMPILER_FLAGS = " -fno-objc-arc"; }; };
		308D88B11546F5DF00A39754 /* ASIHTTPRequest.m in Sources */ = {isa = PBXBuildFile; fileRef = 308D88661546F5DF00A39754 /* ASIHTTPRequest.m */; settings = {COMPILER_FLAGS = " -fno-objc-arc"; }; };
		308D88B21546F5DF00A39754 /* ASIInputStream.m in Sources */ = {isa = PBXBuildFile; fileRef = 308D886A1546F5DF00A39754 /* ASIInputStream.m */; settings = {COMPILER_FLAGS = " -fno-objc-arc"; }; };
		308D88B31546F5DF00A39754 /* ASINetworkQueue.m in Sources */ = {isa = PBXBuildFile; fileRef = 308D886C1546F5DF00A39754 /* ASINetworkQueue.m */; settings = {COMPILER_FLAGS = " -fno-objc-arc"; }; };
		308D88B41546F5DF00A39754 /* ASIWebPageRequest.m in Sources */ = {isa = PBXBuildFile; fileRef = 308D88701546F5DF00A39754 /* ASIWebPageRequest.m */; settings = {COMPILER_FLAGS = " -fno-objc-arc"; }; };
		308D88B51546F5DF00A39754 /* ASICloudFilesCDNRequest.m in Sources */ = {isa = PBXBuildFile; fileRef = 308D88731546F5DF00A39754 /* ASICloudFilesCDNRequest.m */; settings = {COMPILER_FLAGS = " -fno-objc-arc"; }; };
		308D88B61546F5DF00A39754 /* ASICloudFilesContainer.m in Sources */ = {isa = PBXBuildFile; fileRef = 308D88751546F5DF00A39754 /* ASICloudFilesContainer.m */; settings = {COMPILER_FLAGS = " -fno-objc-arc"; }; };
		308D88B71546F5DF00A39754 /* ASICloudFilesContainerRequest.m in Sources */ = {isa = PBXBuildFile; fileRef = 308D88771546F5DF00A39754 /* ASICloudFilesContainerRequest.m */; settings = {COMPILER_FLAGS = " -fno-objc-arc"; }; };
		308D88B81546F5DF00A39754 /* ASICloudFilesContainerXMLParserDelegate.m in Sources */ = {isa = PBXBuildFile; fileRef = 308D88791546F5DF00A39754 /* ASICloudFilesContainerXMLParserDelegate.m */; settings = {COMPILER_FLAGS = " -fno-objc-arc"; }; };
		308D88B91546F5DF00A39754 /* ASICloudFilesObject.m in Sources */ = {isa = PBXBuildFile; fileRef = 308D887B1546F5DF00A39754 /* ASICloudFilesObject.m */; settings = {COMPILER_FLAGS = " -fno-objc-arc"; }; };
		308D88BA1546F5DF00A39754 /* ASICloudFilesObjectRequest.m in Sources */ = {isa = PBXBuildFile; fileRef = 308D887D1546F5DF00A39754 /* ASICloudFilesObjectRequest.m */; settings = {COMPILER_FLAGS = " -fno-objc-arc"; }; };
		308D88BB1546F5DF00A39754 /* ASICloudFilesRequest.m in Sources */ = {isa = PBXBuildFile; fileRef = 308D887F1546F5DF00A39754 /* ASICloudFilesRequest.m */; settings = {COMPILER_FLAGS = " -fno-objc-arc"; }; };
		308D88BC1546F5DF00A39754 /* ASIS3Bucket.m in Sources */ = {isa = PBXBuildFile; fileRef = 308D88831546F5DF00A39754 /* ASIS3Bucket.m */; settings = {COMPILER_FLAGS = " -fno-objc-arc"; }; };
		308D88BD1546F5DF00A39754 /* ASIS3BucketObject.m in Sources */ = {isa = PBXBuildFile; fileRef = 308D88851546F5DF00A39754 /* ASIS3BucketObject.m */; settings = {COMPILER_FLAGS = " -fno-objc-arc"; }; };
		308D88BE1546F5DF00A39754 /* ASIS3BucketRequest.m in Sources */ = {isa = PBXBuildFile; fileRef = 308D88871546F5DF00A39754 /* ASIS3BucketRequest.m */; settings = {COMPILER_FLAGS = " -fno-objc-arc"; }; };
		308D88BF1546F5DF00A39754 /* ASIS3ObjectRequest.m in Sources */ = {isa = PBXBuildFile; fileRef = 308D88891546F5DF00A39754 /* ASIS3ObjectRequest.m */; settings = {COMPILER_FLAGS = " -fno-objc-arc"; }; };
		308D88C01546F5DF00A39754 /* ASIS3Request.m in Sources */ = {isa = PBXBuildFile; fileRef = 308D888B1546F5DF00A39754 /* ASIS3Request.m */; settings = {COMPILER_FLAGS = " -fno-objc-arc"; }; };
		308D88C11546F5DF00A39754 /* ASIS3ServiceRequest.m in Sources */ = {isa = PBXBuildFile; fileRef = 308D888D1546F5DF00A39754 /* ASIS3ServiceRequest.m */; settings = {COMPILER_FLAGS = " -fno-objc-arc"; }; };
		308D88D81546F6E500A39754 /* README-GHUnit in Resources */ = {isa = PBXBuildFile; fileRef = 308D88D41546F6E500A39754 /* README-GHUnit */; };
		308D88D91546F6E500A39754 /* Reachability.m in Sources */ = {isa = PBXBuildFile; fileRef = 308D88D71546F6E500A39754 /* Reachability.m */; settings = {COMPILER_FLAGS = " -fno-objc-arc"; }; };
		308D88DB1546F8E400A39754 /* CFNetwork.framework in Frameworks */ = {isa = PBXBuildFile; fileRef = 308D88DA1546F8E400A39754 /* CFNetwork.framework */; };
		308D88DD1546F8EC00A39754 /* MobileCoreServices.framework in Frameworks */ = {isa = PBXBuildFile; fileRef = 308D88DC1546F8EC00A39754 /* MobileCoreServices.framework */; };
		308D88DF1546F8FD00A39754 /* CoreFoundation.framework in Frameworks */ = {isa = PBXBuildFile; fileRef = 308D88DE1546F8FD00A39754 /* CoreFoundation.framework */; };
		308D88E11546F90B00A39754 /* CoreData.framework in Frameworks */ = {isa = PBXBuildFile; fileRef = 308D88E01546F90B00A39754 /* CoreData.framework */; };
		308D88E31546F91600A39754 /* SystemConfiguration.framework in Frameworks */ = {isa = PBXBuildFile; fileRef = 308D88E21546F91600A39754 /* SystemConfiguration.framework */; };
		308D88E51546F91E00A39754 /* libz.dylib in Frameworks */ = {isa = PBXBuildFile; fileRef = 308D88E41546F91E00A39754 /* libz.dylib */; };
		308D88E71546F92900A39754 /* libxml2.dylib in Frameworks */ = {isa = PBXBuildFile; fileRef = 308D88E61546F92900A39754 /* libxml2.dylib */; };
		30C4EE2B14F6AB5A00BC0074 /* CameraView.m in Sources */ = {isa = PBXBuildFile; fileRef = 30C4EE2914F6AB5A00BC0074 /* CameraView.m */; };
		30C7F9F71522426400E2F04D /* CyclicArray.m in Sources */ = {isa = PBXBuildFile; fileRef = 30C7F9F61522426400E2F04D /* CyclicArray.m */; };
		30E6D05F15488C0B0018E334 /* GraphView.m in Sources */ = {isa = PBXBuildFile; fileRef = 30E6D05E15488C0B0018E334 /* GraphView.m */; settings = {COMPILER_FLAGS = " -fno-objc-arc"; }; };
		30F2E4D915347DE6008FAE1B /* UIImage+ProportionalFill.m in Sources */ = {isa = PBXBuildFile; fileRef = 30F2E4D815347DE6008FAE1B /* UIImage+ProportionalFill.m */; };
		30F2E4EB15347E0D008FAE1B /* DDXMLElementAdditions.m in Sources */ = {isa = PBXBuildFile; fileRef = 30F2E4DE15347E0D008FAE1B /* DDXMLElementAdditions.m */; };
		30F2E4EC15347E0D008FAE1B /* NSString+DDXML.m in Sources */ = {isa = PBXBuildFile; fileRef = 30F2E4E115347E0D008FAE1B /* NSString+DDXML.m */; };
		30F2E4ED15347E0D008FAE1B /* DDXMLDocument.m in Sources */ = {isa = PBXBuildFile; fileRef = 30F2E4E415347E0D008FAE1B /* DDXMLDocument.m */; };
		30F2E4EE15347E0D008FAE1B /* DDXMLElement.m in Sources */ = {isa = PBXBuildFile; fileRef = 30F2E4E615347E0D008FAE1B /* DDXMLElement.m */; };
		30F2E4EF15347E0D008FAE1B /* DDXMLNode.m in Sources */ = {isa = PBXBuildFile; fileRef = 30F2E4E815347E0D008FAE1B /* DDXMLNode.m */; };
		A2A0A5AC151F9DD300D27E0B /* TextInputView.m in Sources */ = {isa = PBXBuildFile; fileRef = A2A0A5AB151F9DD300D27E0B /* TextInputView.m */; };
		A2B5463F14F4AFB40075405B /* ToolKitViewController.m in Sources */ = {isa = PBXBuildFile; fileRef = A2B5463E14F4AFB40075405B /* ToolKitViewController.m */; };
		A2B5464614F547850075405B /* UIView+UIKitCategories.m in Sources */ = {isa = PBXBuildFile; fileRef = A2B5464514F547850075405B /* UIView+UIKitCategories.m */; };
/* End PBXBuildFile section */

/* Begin PBXBuildRule section */
		30D94B2515502B8500BD9332 /* PBXBuildRule */ = {
			isa = PBXBuildRule;
			compilerSpec = com.apple.compilers.proxy.script;
			fileType = pattern.proxy;
			isEditable = 1;
			outputFiles = (
			);
		};
/* End PBXBuildRule section */

/* Begin PBXFileReference section */
		3000B57F14F426C00054E59A /* ToolKit.app */ = {isa = PBXFileReference; explicitFileType = wrapper.application; includeInIndex = 0; path = ToolKit.app; sourceTree = BUILT_PRODUCTS_DIR; };
		3000B58314F426C00054E59A /* UIKit.framework */ = {isa = PBXFileReference; lastKnownFileType = wrapper.framework; name = UIKit.framework; path = System/Library/Frameworks/UIKit.framework; sourceTree = SDKROOT; };
		3000B58514F426C00054E59A /* Foundation.framework */ = {isa = PBXFileReference; lastKnownFileType = wrapper.framework; name = Foundation.framework; path = System/Library/Frameworks/Foundation.framework; sourceTree = SDKROOT; };
		3000B58714F426C00054E59A /* CoreGraphics.framework */ = {isa = PBXFileReference; lastKnownFileType = wrapper.framework; name = CoreGraphics.framework; path = System/Library/Frameworks/CoreGraphics.framework; sourceTree = SDKROOT; };
		3000B58B14F426C00054E59A /* ToolKit-Info.plist */ = {isa = PBXFileReference; lastKnownFileType = text.plist.xml; path = "ToolKit-Info.plist"; sourceTree = "<group>"; };
		3000B58D14F426C00054E59A /* en */ = {isa = PBXFileReference; lastKnownFileType = text.plist.strings; name = en; path = en.lproj/InfoPlist.strings; sourceTree = "<group>"; };
		3000B58F14F426C00054E59A /* main.m */ = {isa = PBXFileReference; lastKnownFileType = sourcecode.c.objc; path = main.m; sourceTree = "<group>"; };
		3000B59114F426C00054E59A /* ToolKit-Prefix.pch */ = {isa = PBXFileReference; lastKnownFileType = sourcecode.c.h; path = "ToolKit-Prefix.pch"; sourceTree = "<group>"; };
		3000B59214F426C00054E59A /* UNCCAppDelegate.h */ = {isa = PBXFileReference; lastKnownFileType = sourcecode.c.h; path = UNCCAppDelegate.h; sourceTree = "<group>"; };
		3000B59314F426C00054E59A /* UNCCAppDelegate.m */ = {isa = PBXFileReference; lastKnownFileType = sourcecode.c.objc; path = UNCCAppDelegate.m; sourceTree = "<group>"; };
		301FBB1614F427D50093161F /* GPSView.h */ = {isa = PBXFileReference; fileEncoding = 4; lastKnownFileType = sourcecode.c.h; path = GPSView.h; sourceTree = "<group>"; };
		301FBB1714F427D50093161F /* GPSView.m */ = {isa = PBXFileReference; fileEncoding = 4; lastKnownFileType = sourcecode.c.objc; path = GPSView.m; sourceTree = "<group>"; };
		301FBB1A14F428070093161F /* MapKit.framework */ = {isa = PBXFileReference; lastKnownFileType = wrapper.framework; name = MapKit.framework; path = System/Library/Frameworks/MapKit.framework; sourceTree = SDKROOT; };
		301FBB2014F4295C0093161F /* CoreLocation.framework */ = {isa = PBXFileReference; lastKnownFileType = wrapper.framework; name = CoreLocation.framework; path = System/Library/Frameworks/CoreLocation.framework; sourceTree = SDKROOT; };
		302DE28314F4420E00AAB79D /* AccelerationView.h */ = {isa = PBXFileReference; fileEncoding = 4; lastKnownFileType = sourcecode.c.h; path = AccelerationView.h; sourceTree = "<group>"; };
		302DE28414F4420E00AAB79D /* AccelerationView.m */ = {isa = PBXFileReference; fileEncoding = 4; lastKnownFileType = sourcecode.c.objc; path = AccelerationView.m; sourceTree = "<group>"; };
		302DE28E14F444D200AAB79D /* QuartzCore.framework */ = {isa = PBXFileReference; lastKnownFileType = wrapper.framework; name = QuartzCore.framework; path = System/Library/Frameworks/QuartzCore.framework; sourceTree = SDKROOT; };
		30635C22151B9987009DE521 /* NSString+Base64.h */ = {isa = PBXFileReference; fileEncoding = 4; lastKnownFileType = sourcecode.c.h; name = "NSString+Base64.h"; path = "../../../../Toolkit/Xcode/ToolKit/ToolKit/NSString+Base64.h"; sourceTree = "<group>"; };
		30635C23151B9987009DE521 /* NSString+Base64.m */ = {isa = PBXFileReference; fileEncoding = 4; lastKnownFileType = sourcecode.c.objc; name = "NSString+Base64.m"; path = "../../../../Toolkit/Xcode/ToolKit/ToolKit/NSString+Base64.m"; sourceTree = "<group>"; };
		30635C26151B9A4C009DE521 /* NSData+Base64.h */ = {isa = PBXFileReference; fileEncoding = 4; lastKnownFileType = sourcecode.c.h; name = "NSData+Base64.h"; path = "../../../../Toolkit/Xcode/ToolKit/ToolKit/NSData+Base64.h"; sourceTree = "<group>"; };
		30635C27151B9A4C009DE521 /* NSData+Base64.m */ = {isa = PBXFileReference; fileEncoding = 4; lastKnownFileType = sourcecode.c.objc; name = "NSData+Base64.m"; path = "../../../../Toolkit/Xcode/ToolKit/ToolKit/NSData+Base64.m"; sourceTree = "<group>"; };
		30635C29151BA887009DE521 /* ToolKitXMLBuilder.h */ = {isa = PBXFileReference; fileEncoding = 4; lastKnownFileType = sourcecode.c.h; path = ToolKitXMLBuilder.h; sourceTree = "<group>"; };
		30635C2A151BA887009DE521 /* ToolKitXMLBuilder.m */ = {isa = PBXFileReference; fileEncoding = 4; lastKnownFileType = sourcecode.c.objc; path = ToolKitXMLBuilder.m; sourceTree = "<group>"; };
		3076C1B715408E4200599BAB /* IncentivesViewController.h */ = {isa = PBXFileReference; fileEncoding = 4; lastKnownFileType = sourcecode.c.h; path = IncentivesViewController.h; sourceTree = "<group>"; };
		3076C1B815408E4200599BAB /* IncentivesViewController.m */ = {isa = PBXFileReference; fileEncoding = 4; lastKnownFileType = sourcecode.c.objc; path = IncentivesViewController.m; sourceTree = "<group>"; };
		3076C1B915408E4200599BAB /* IncentivesViewController.xib */ = {isa = PBXFileReference; fileEncoding = 4; lastKnownFileType = file.xib; path = IncentivesViewController.xib; sourceTree = "<group>"; };
		308D885A1546F5DF00A39754 /* ASIAuthenticationDialog.h */ = {isa = PBXFileReference; fileEncoding = 4; lastKnownFileType = sourcecode.c.h; path = ASIAuthenticationDialog.h; sourceTree = "<group>"; };
		308D885B1546F5DF00A39754 /* ASIAuthenticationDialog.m */ = {isa = PBXFileReference; fileEncoding = 4; lastKnownFileType = sourcecode.c.objc; path = ASIAuthenticationDialog.m; sourceTree = "<group>"; };
		308D885C1546F5DF00A39754 /* ASICacheDelegate.h */ = {isa = PBXFileReference; fileEncoding = 4; lastKnownFileType = sourcecode.c.h; path = ASICacheDelegate.h; sourceTree = "<group>"; };
		308D885D1546F5DF00A39754 /* ASIDataCompressor.h */ = {isa = PBXFileReference; fileEncoding = 4; lastKnownFileType = sourcecode.c.h; path = ASIDataCompressor.h; sourceTree = "<group>"; };
		308D885E1546F5DF00A39754 /* ASIDataCompressor.m */ = {isa = PBXFileReference; fileEncoding = 4; lastKnownFileType = sourcecode.c.objc; path = ASIDataCompressor.m; sourceTree = "<group>"; };
		308D885F1546F5DF00A39754 /* ASIDataDecompressor.h */ = {isa = PBXFileReference; fileEncoding = 4; lastKnownFileType = sourcecode.c.h; path = ASIDataDecompressor.h; sourceTree = "<group>"; };
		308D88601546F5DF00A39754 /* ASIDataDecompressor.m */ = {isa = PBXFileReference; fileEncoding = 4; lastKnownFileType = sourcecode.c.objc; path = ASIDataDecompressor.m; sourceTree = "<group>"; };
		308D88611546F5DF00A39754 /* ASIDownloadCache.h */ = {isa = PBXFileReference; fileEncoding = 4; lastKnownFileType = sourcecode.c.h; path = ASIDownloadCache.h; sourceTree = "<group>"; };
		308D88621546F5DF00A39754 /* ASIDownloadCache.m */ = {isa = PBXFileReference; fileEncoding = 4; lastKnownFileType = sourcecode.c.objc; path = ASIDownloadCache.m; sourceTree = "<group>"; };
		308D88631546F5DF00A39754 /* ASIFormDataRequest.h */ = {isa = PBXFileReference; fileEncoding = 4; lastKnownFileType = sourcecode.c.h; path = ASIFormDataRequest.h; sourceTree = "<group>"; };
		308D88641546F5DF00A39754 /* ASIFormDataRequest.m */ = {isa = PBXFileReference; fileEncoding = 4; lastKnownFileType = sourcecode.c.objc; path = ASIFormDataRequest.m; sourceTree = "<group>"; };
		308D88651546F5DF00A39754 /* ASIHTTPRequest.h */ = {isa = PBXFileReference; fileEncoding = 4; lastKnownFileType = sourcecode.c.h; path = ASIHTTPRequest.h; sourceTree = "<group>"; };
		308D88661546F5DF00A39754 /* ASIHTTPRequest.m */ = {isa = PBXFileReference; fileEncoding = 4; lastKnownFileType = sourcecode.c.objc; path = ASIHTTPRequest.m; sourceTree = "<group>"; };
		308D88671546F5DF00A39754 /* ASIHTTPRequestConfig.h */ = {isa = PBXFileReference; fileEncoding = 4; lastKnownFileType = sourcecode.c.h; path = ASIHTTPRequestConfig.h; sourceTree = "<group>"; };
		308D88681546F5DF00A39754 /* ASIHTTPRequestDelegate.h */ = {isa = PBXFileReference; fileEncoding = 4; lastKnownFileType = sourcecode.c.h; path = ASIHTTPRequestDelegate.h; sourceTree = "<group>"; };
		308D88691546F5DF00A39754 /* ASIInputStream.h */ = {isa = PBXFileReference; fileEncoding = 4; lastKnownFileType = sourcecode.c.h; path = ASIInputStream.h; sourceTree = "<group>"; };
		308D886A1546F5DF00A39754 /* ASIInputStream.m */ = {isa = PBXFileReference; fileEncoding = 4; lastKnownFileType = sourcecode.c.objc; path = ASIInputStream.m; sourceTree = "<group>"; };
		308D886B1546F5DF00A39754 /* ASINetworkQueue.h */ = {isa = PBXFileReference; fileEncoding = 4; lastKnownFileType = sourcecode.c.h; path = ASINetworkQueue.h; sourceTree = "<group>"; };
		308D886C1546F5DF00A39754 /* ASINetworkQueue.m */ = {isa = PBXFileReference; fileEncoding = 4; lastKnownFileType = sourcecode.c.objc; path = ASINetworkQueue.m; sourceTree = "<group>"; };
		308D886D1546F5DF00A39754 /* ASIProgressDelegate.h */ = {isa = PBXFileReference; fileEncoding = 4; lastKnownFileType = sourcecode.c.h; path = ASIProgressDelegate.h; sourceTree = "<group>"; };
		308D886F1546F5DF00A39754 /* ASIWebPageRequest.h */ = {isa = PBXFileReference; fileEncoding = 4; lastKnownFileType = sourcecode.c.h; path = ASIWebPageRequest.h; sourceTree = "<group>"; };
		308D88701546F5DF00A39754 /* ASIWebPageRequest.m */ = {isa = PBXFileReference; fileEncoding = 4; lastKnownFileType = sourcecode.c.objc; path = ASIWebPageRequest.m; sourceTree = "<group>"; };
		308D88721546F5DF00A39754 /* ASICloudFilesCDNRequest.h */ = {isa = PBXFileReference; fileEncoding = 4; lastKnownFileType = sourcecode.c.h; path = ASICloudFilesCDNRequest.h; sourceTree = "<group>"; };
		308D88731546F5DF00A39754 /* ASICloudFilesCDNRequest.m */ = {isa = PBXFileReference; fileEncoding = 4; lastKnownFileType = sourcecode.c.objc; path = ASICloudFilesCDNRequest.m; sourceTree = "<group>"; };
		308D88741546F5DF00A39754 /* ASICloudFilesContainer.h */ = {isa = PBXFileReference; fileEncoding = 4; lastKnownFileType = sourcecode.c.h; path = ASICloudFilesContainer.h; sourceTree = "<group>"; };
		308D88751546F5DF00A39754 /* ASICloudFilesContainer.m */ = {isa = PBXFileReference; fileEncoding = 4; lastKnownFileType = sourcecode.c.objc; path = ASICloudFilesContainer.m; sourceTree = "<group>"; };
		308D88761546F5DF00A39754 /* ASICloudFilesContainerRequest.h */ = {isa = PBXFileReference; fileEncoding = 4; lastKnownFileType = sourcecode.c.h; path = ASICloudFilesContainerRequest.h; sourceTree = "<group>"; };
		308D88771546F5DF00A39754 /* ASICloudFilesContainerRequest.m */ = {isa = PBXFileReference; fileEncoding = 4; lastKnownFileType = sourcecode.c.objc; path = ASICloudFilesContainerRequest.m; sourceTree = "<group>"; };
		308D88781546F5DF00A39754 /* ASICloudFilesContainerXMLParserDelegate.h */ = {isa = PBXFileReference; fileEncoding = 4; lastKnownFileType = sourcecode.c.h; path = ASICloudFilesContainerXMLParserDelegate.h; sourceTree = "<group>"; };
		308D88791546F5DF00A39754 /* ASICloudFilesContainerXMLParserDelegate.m */ = {isa = PBXFileReference; fileEncoding = 4; lastKnownFileType = sourcecode.c.objc; path = ASICloudFilesContainerXMLParserDelegate.m; sourceTree = "<group>"; };
		308D887A1546F5DF00A39754 /* ASICloudFilesObject.h */ = {isa = PBXFileReference; fileEncoding = 4; lastKnownFileType = sourcecode.c.h; path = ASICloudFilesObject.h; sourceTree = "<group>"; };
		308D887B1546F5DF00A39754 /* ASICloudFilesObject.m */ = {isa = PBXFileReference; fileEncoding = 4; lastKnownFileType = sourcecode.c.objc; path = ASICloudFilesObject.m; sourceTree = "<group>"; };
		308D887C1546F5DF00A39754 /* ASICloudFilesObjectRequest.h */ = {isa = PBXFileReference; fileEncoding = 4; lastKnownFileType = sourcecode.c.h; path = ASICloudFilesObjectRequest.h; sourceTree = "<group>"; };
		308D887D1546F5DF00A39754 /* ASICloudFilesObjectRequest.m */ = {isa = PBXFileReference; fileEncoding = 4; lastKnownFileType = sourcecode.c.objc; path = ASICloudFilesObjectRequest.m; sourceTree = "<group>"; };
		308D887E1546F5DF00A39754 /* ASICloudFilesRequest.h */ = {isa = PBXFileReference; fileEncoding = 4; lastKnownFileType = sourcecode.c.h; path = ASICloudFilesRequest.h; sourceTree = "<group>"; };
		308D887F1546F5DF00A39754 /* ASICloudFilesRequest.m */ = {isa = PBXFileReference; fileEncoding = 4; lastKnownFileType = sourcecode.c.objc; path = ASICloudFilesRequest.m; sourceTree = "<group>"; };
		308D88811546F5DF00A39754 /* ASINSXMLParserCompat.h */ = {isa = PBXFileReference; fileEncoding = 4; lastKnownFileType = sourcecode.c.h; path = ASINSXMLParserCompat.h; sourceTree = "<group>"; };
		308D88821546F5DF00A39754 /* ASIS3Bucket.h */ = {isa = PBXFileReference; fileEncoding = 4; lastKnownFileType = sourcecode.c.h; path = ASIS3Bucket.h; sourceTree = "<group>"; };
		308D88831546F5DF00A39754 /* ASIS3Bucket.m */ = {isa = PBXFileReference; fileEncoding = 4; lastKnownFileType = sourcecode.c.objc; path = ASIS3Bucket.m; sourceTree = "<group>"; };
		308D88841546F5DF00A39754 /* ASIS3BucketObject.h */ = {isa = PBXFileReference; fileEncoding = 4; lastKnownFileType = sourcecode.c.h; path = ASIS3BucketObject.h; sourceTree = "<group>"; };
		308D88851546F5DF00A39754 /* ASIS3BucketObject.m */ = {isa = PBXFileReference; fileEncoding = 4; lastKnownFileType = sourcecode.c.objc; path = ASIS3BucketObject.m; sourceTree = "<group>"; };
		308D88861546F5DF00A39754 /* ASIS3BucketRequest.h */ = {isa = PBXFileReference; fileEncoding = 4; lastKnownFileType = sourcecode.c.h; path = ASIS3BucketRequest.h; sourceTree = "<group>"; };
		308D88871546F5DF00A39754 /* ASIS3BucketRequest.m */ = {isa = PBXFileReference; fileEncoding = 4; lastKnownFileType = sourcecode.c.objc; path = ASIS3BucketRequest.m; sourceTree = "<group>"; };
		308D88881546F5DF00A39754 /* ASIS3ObjectRequest.h */ = {isa = PBXFileReference; fileEncoding = 4; lastKnownFileType = sourcecode.c.h; path = ASIS3ObjectRequest.h; sourceTree = "<group>"; };
		308D88891546F5DF00A39754 /* ASIS3ObjectRequest.m */ = {isa = PBXFileReference; fileEncoding = 4; lastKnownFileType = sourcecode.c.objc; path = ASIS3ObjectRequest.m; sourceTree = "<group>"; };
		308D888A1546F5DF00A39754 /* ASIS3Request.h */ = {isa = PBXFileReference; fileEncoding = 4; lastKnownFileType = sourcecode.c.h; path = ASIS3Request.h; sourceTree = "<group>"; };
		308D888B1546F5DF00A39754 /* ASIS3Request.m */ = {isa = PBXFileReference; fileEncoding = 4; lastKnownFileType = sourcecode.c.objc; path = ASIS3Request.m; sourceTree = "<group>"; };
		308D888C1546F5DF00A39754 /* ASIS3ServiceRequest.h */ = {isa = PBXFileReference; fileEncoding = 4; lastKnownFileType = sourcecode.c.h; path = ASIS3ServiceRequest.h; sourceTree = "<group>"; };
		308D888D1546F5DF00A39754 /* ASIS3ServiceRequest.m */ = {isa = PBXFileReference; fileEncoding = 4; lastKnownFileType = sourcecode.c.objc; path = ASIS3ServiceRequest.m; sourceTree = "<group>"; };
		308D88D41546F6E500A39754 /* README-GHUnit */ = {isa = PBXFileReference; fileEncoding = 4; lastKnownFileType = text; path = "README-GHUnit"; sourceTree = "<group>"; };
		308D88D61546F6E500A39754 /* Reachability.h */ = {isa = PBXFileReference; fileEncoding = 4; lastKnownFileType = sourcecode.c.h; path = Reachability.h; sourceTree = "<group>"; };
		308D88D71546F6E500A39754 /* Reachability.m */ = {isa = PBXFileReference; fileEncoding = 4; lastKnownFileType = sourcecode.c.objc; path = Reachability.m; sourceTree = "<group>"; };
		308D88DA1546F8E400A39754 /* CFNetwork.framework */ = {isa = PBXFileReference; lastKnownFileType = wrapper.framework; name = CFNetwork.framework; path = System/Library/Frameworks/CFNetwork.framework; sourceTree = SDKROOT; };
		308D88DC1546F8EC00A39754 /* MobileCoreServices.framework */ = {isa = PBXFileReference; lastKnownFileType = wrapper.framework; name = MobileCoreServices.framework; path = System/Library/Frameworks/MobileCoreServices.framework; sourceTree = SDKROOT; };
		308D88DE1546F8FD00A39754 /* CoreFoundation.framework */ = {isa = PBXFileReference; lastKnownFileType = wrapper.framework; name = CoreFoundation.framework; path = System/Library/Frameworks/CoreFoundation.framework; sourceTree = SDKROOT; };
		308D88E01546F90B00A39754 /* CoreData.framework */ = {isa = PBXFileReference; lastKnownFileType = wrapper.framework; name = CoreData.framework; path = System/Library/Frameworks/CoreData.framework; sourceTree = SDKROOT; };
		308D88E21546F91600A39754 /* SystemConfiguration.framework */ = {isa = PBXFileReference; lastKnownFileType = wrapper.framework; name = SystemConfiguration.framework; path = System/Library/Frameworks/SystemConfiguration.framework; sourceTree = SDKROOT; };
		308D88E41546F91E00A39754 /* libz.dylib */ = {isa = PBXFileReference; lastKnownFileType = "compiled.mach-o.dylib"; name = libz.dylib; path = usr/lib/libz.dylib; sourceTree = SDKROOT; };
		308D88E61546F92900A39754 /* libxml2.dylib */ = {isa = PBXFileReference; lastKnownFileType = "compiled.mach-o.dylib"; name = libxml2.dylib; path = usr/lib/libxml2.dylib; sourceTree = SDKROOT; };
		30C4EE2914F6AB5A00BC0074 /* CameraView.m */ = {isa = PBXFileReference; fileEncoding = 4; lastKnownFileType = sourcecode.c.objc; path = CameraView.m; sourceTree = "<group>"; };
		30C4EE2A14F6AB5A00BC0074 /* CameraView.h */ = {isa = PBXFileReference; fileEncoding = 4; lastKnownFileType = sourcecode.c.h; path = CameraView.h; sourceTree = "<group>"; };
		30C7F9F51522426400E2F04D /* CyclicArray.h */ = {isa = PBXFileReference; fileEncoding = 4; lastKnownFileType = sourcecode.c.h; path = CyclicArray.h; sourceTree = "<group>"; };
		30C7F9F61522426400E2F04D /* CyclicArray.m */ = {isa = PBXFileReference; fileEncoding = 4; lastKnownFileType = sourcecode.c.objc; path = CyclicArray.m; sourceTree = "<group>"; };
		30E6D05D15488C0B0018E334 /* GraphView.h */ = {isa = PBXFileReference; fileEncoding = 4; lastKnownFileType = sourcecode.c.h; path = GraphView.h; sourceTree = "<group>"; };
		30E6D05E15488C0B0018E334 /* GraphView.m */ = {isa = PBXFileReference; fileEncoding = 4; lastKnownFileType = sourcecode.c.objc; path = GraphView.m; sourceTree = "<group>"; };
		30F2E4D715347DD8008FAE1B /* UIImage+ProportionalFill.h */ = {isa = PBXFileReference; fileEncoding = 4; lastKnownFileType = sourcecode.c.h; name = "UIImage+ProportionalFill.h"; path = "MGImageUtilities/Classes/UIImage+ProportionalFill.h"; sourceTree = SOURCE_ROOT; };
		30F2E4D815347DE6008FAE1B /* UIImage+ProportionalFill.m */ = {isa = PBXFileReference; fileEncoding = 4; lastKnownFileType = sourcecode.c.objc; name = "UIImage+ProportionalFill.m"; path = "MGImageUtilities/Classes/UIImage+ProportionalFill.m"; sourceTree = SOURCE_ROOT; };
		30F2E4DD15347E0D008FAE1B /* DDXMLElementAdditions.h */ = {isa = PBXFileReference; fileEncoding = 4; lastKnownFileType = sourcecode.c.h; path = DDXMLElementAdditions.h; sourceTree = "<group>"; };
		30F2E4DE15347E0D008FAE1B /* DDXMLElementAdditions.m */ = {isa = PBXFileReference; fileEncoding = 4; lastKnownFileType = sourcecode.c.objc; path = DDXMLElementAdditions.m; sourceTree = "<group>"; };
		30F2E4E015347E0D008FAE1B /* NSString+DDXML.h */ = {isa = PBXFileReference; fileEncoding = 4; lastKnownFileType = sourcecode.c.h; path = "NSString+DDXML.h"; sourceTree = "<group>"; };
		30F2E4E115347E0D008FAE1B /* NSString+DDXML.m */ = {isa = PBXFileReference; fileEncoding = 4; lastKnownFileType = sourcecode.c.objc; path = "NSString+DDXML.m"; sourceTree = "<group>"; };
		30F2E4E215347E0D008FAE1B /* DDXML.h */ = {isa = PBXFileReference; fileEncoding = 4; lastKnownFileType = sourcecode.c.h; path = DDXML.h; sourceTree = "<group>"; };
		30F2E4E315347E0D008FAE1B /* DDXMLDocument.h */ = {isa = PBXFileReference; fileEncoding = 4; lastKnownFileType = sourcecode.c.h; path = DDXMLDocument.h; sourceTree = "<group>"; };
		30F2E4E415347E0D008FAE1B /* DDXMLDocument.m */ = {isa = PBXFileReference; fileEncoding = 4; lastKnownFileType = sourcecode.c.objc; path = DDXMLDocument.m; sourceTree = "<group>"; };
		30F2E4E515347E0D008FAE1B /* DDXMLElement.h */ = {isa = PBXFileReference; fileEncoding = 4; lastKnownFileType = sourcecode.c.h; path = DDXMLElement.h; sourceTree = "<group>"; };
		30F2E4E615347E0D008FAE1B /* DDXMLElement.m */ = {isa = PBXFileReference; fileEncoding = 4; lastKnownFileType = sourcecode.c.objc; path = DDXMLElement.m; sourceTree = "<group>"; };
		30F2E4E715347E0D008FAE1B /* DDXMLNode.h */ = {isa = PBXFileReference; fileEncoding = 4; lastKnownFileType = sourcecode.c.h; path = DDXMLNode.h; sourceTree = "<group>"; };
		30F2E4E815347E0D008FAE1B /* DDXMLNode.m */ = {isa = PBXFileReference; fileEncoding = 4; lastKnownFileType = sourcecode.c.objc; path = DDXMLNode.m; sourceTree = "<group>"; };
		30F2E4EA15347E0D008FAE1B /* DDXMLPrivate.h */ = {isa = PBXFileReference; fileEncoding = 4; lastKnownFileType = sourcecode.c.h; path = DDXMLPrivate.h; sourceTree = "<group>"; };
		A2A0A5AA151F9DD300D27E0B /* TextInputView.h */ = {isa = PBXFileReference; fileEncoding = 4; lastKnownFileType = sourcecode.c.h; path = TextInputView.h; sourceTree = "<group>"; };
		A2A0A5AB151F9DD300D27E0B /* TextInputView.m */ = {isa = PBXFileReference; fileEncoding = 4; lastKnownFileType = sourcecode.c.objc; path = TextInputView.m; sourceTree = "<group>"; };
		A2B5463D14F4AFB40075405B /* ToolKitViewController.h */ = {isa = PBXFileReference; fileEncoding = 4; lastKnownFileType = sourcecode.c.h; path = ToolKitViewController.h; sourceTree = "<group>"; };
		A2B5463E14F4AFB40075405B /* ToolKitViewController.m */ = {isa = PBXFileReference; fileEncoding = 4; lastKnownFileType = sourcecode.c.objc; path = ToolKitViewController.m; sourceTree = "<group>"; };
		A2B5464414F547850075405B /* UIView+UIKitCategories.h */ = {isa = PBXFileReference; fileEncoding = 4; lastKnownFileType = sourcecode.c.h; path = "UIView+UIKitCategories.h"; sourceTree = "<group>"; };
		A2B5464514F547850075405B /* UIView+UIKitCategories.m */ = {isa = PBXFileReference; fileEncoding = 4; lastKnownFileType = sourcecode.c.objc; path = "UIView+UIKitCategories.m"; sourceTree = "<group>"; };
/* End PBXFileReference section */

/* Begin PBXFrameworksBuildPhase section */
		3000B57C14F426C00054E59A /* Frameworks */ = {
			isa = PBXFrameworksBuildPhase;
			buildActionMask = 2147483647;
			files = (
				308D88E71546F92900A39754 /* libxml2.dylib in Frameworks */,
				308D88E51546F91E00A39754 /* libz.dylib in Frameworks */,
				308D88E31546F91600A39754 /* SystemConfiguration.framework in Frameworks */,
				308D88E11546F90B00A39754 /* CoreData.framework in Frameworks */,
				308D88DF1546F8FD00A39754 /* CoreFoundation.framework in Frameworks */,
				308D88DD1546F8EC00A39754 /* MobileCoreServices.framework in Frameworks */,
				308D88DB1546F8E400A39754 /* CFNetwork.framework in Frameworks */,
				302DE28F14F444D200AAB79D /* QuartzCore.framework in Frameworks */,
				3000B58814F426C00054E59A /* CoreGraphics.framework in Frameworks */,
				301FBB2114F4295C0093161F /* CoreLocation.framework in Frameworks */,
				301FBB1B14F428070093161F /* MapKit.framework in Frameworks */,
				3000B58414F426C00054E59A /* UIKit.framework in Frameworks */,
				3000B58614F426C00054E59A /* Foundation.framework in Frameworks */,
			);
			runOnlyForDeploymentPostprocessing = 0;
		};
/* End PBXFrameworksBuildPhase section */

/* Begin PBXGroup section */
		3000B57414F426BF0054E59A = {
			isa = PBXGroup;
			children = (
				3000B58914F426C00054E59A /* ToolKit */,
				3000B58214F426C00054E59A /* Frameworks */,
				3000B58014F426C00054E59A /* Products */,
			);
			sourceTree = "<group>";
		};
		3000B58014F426C00054E59A /* Products */ = {
			isa = PBXGroup;
			children = (
				3000B57F14F426C00054E59A /* ToolKit.app */,
			);
			name = Products;
			sourceTree = "<group>";
		};
		3000B58214F426C00054E59A /* Frameworks */ = {
			isa = PBXGroup;
			children = (
				3000B58314F426C00054E59A /* UIKit.framework */,
				3000B58514F426C00054E59A /* Foundation.framework */,
				3000B58714F426C00054E59A /* CoreGraphics.framework */,
			);
			name = Frameworks;
			sourceTree = "<group>";
		};
		3000B58914F426C00054E59A /* ToolKit */ = {
			isa = PBXGroup;
			children = (
				3000B59214F426C00054E59A /* UNCCAppDelegate.h */,
				3000B59314F426C00054E59A /* UNCCAppDelegate.m */,
				A2B5463D14F4AFB40075405B /* ToolKitViewController.h */,
				A2B5463E14F4AFB40075405B /* ToolKitViewController.m */,
				3076C1B215408CF400599BAB /* Incentives */,
				302DE29014F4455200AAB79D /* Acceleration */,
				A2B5464F14F54B890075405B /* Camera */,
				302DE29114F4457C00AAB79D /* Location */,
				A2A0A5A9151F9DB300D27E0B /* Text Input */,
				3000B58A14F426C00054E59A /* Supporting Files */,
			);
			path = ToolKit;
			sourceTree = "<group>";
		};
		3000B58A14F426C00054E59A /* Supporting Files */ = {
			isa = PBXGroup;
			children = (
				308D88591546F5DF00A39754 /* asi-http-request */,
				30F2E4DB15347E0D008FAE1B /* KissXML */,
				30635C29151BA887009DE521 /* ToolKitXMLBuilder.h */,
				30635C2A151BA887009DE521 /* ToolKitXMLBuilder.m */,
				3000B58B14F426C00054E59A /* ToolKit-Info.plist */,
				3000B58C14F426C00054E59A /* InfoPlist.strings */,
				3000B58F14F426C00054E59A /* main.m */,
				3000B59114F426C00054E59A /* ToolKit-Prefix.pch */,
				A2B5464414F547850075405B /* UIView+UIKitCategories.h */,
				A2B5464514F547850075405B /* UIView+UIKitCategories.m */,
				30F2E4D715347DD8008FAE1B /* UIImage+ProportionalFill.h */,
				30F2E4D815347DE6008FAE1B /* UIImage+ProportionalFill.m */,
				30635C22151B9987009DE521 /* NSString+Base64.h */,
				30635C23151B9987009DE521 /* NSString+Base64.m */,
				30635C26151B9A4C009DE521 /* NSData+Base64.h */,
				30635C27151B9A4C009DE521 /* NSData+Base64.m */,
				30C7F9F51522426400E2F04D /* CyclicArray.h */,
				30C7F9F61522426400E2F04D /* CyclicArray.m */,
			);
			name = "Supporting Files";
			sourceTree = "<group>";
		};
		302DE29014F4455200AAB79D /* Acceleration */ = {
			isa = PBXGroup;
			children = (
				302DE28314F4420E00AAB79D /* AccelerationView.h */,
				302DE28414F4420E00AAB79D /* AccelerationView.m */,
				30E6D05D15488C0B0018E334 /* GraphView.h */,
				30E6D05E15488C0B0018E334 /* GraphView.m */,
				302DE28E14F444D200AAB79D /* QuartzCore.framework */,
			);
			name = Acceleration;
			sourceTree = "<group>";
		};
		302DE29114F4457C00AAB79D /* Location */ = {
			isa = PBXGroup;
			children = (
				301FBB1614F427D50093161F /* GPSView.h */,
				301FBB1714F427D50093161F /* GPSView.m */,
				301FBB2014F4295C0093161F /* CoreLocation.framework */,
				301FBB1A14F428070093161F /* MapKit.framework */,
			);
			name = Location;
			sourceTree = "<group>";
		};
		3076C1B215408CF400599BAB /* Incentives */ = {
			isa = PBXGroup;
			children = (
				3076C1B715408E4200599BAB /* IncentivesViewController.h */,
				3076C1B815408E4200599BAB /* IncentivesViewController.m */,
				3076C1B915408E4200599BAB /* IncentivesViewController.xib */,
			);
			name = Incentives;
			sourceTree = "<group>";
		};
		308D88591546F5DF00A39754 /* asi-http-request */ = {
			isa = PBXGroup;
			children = (
				308D885A1546F5DF00A39754 /* ASIAuthenticationDialog.h */,
				308D885B1546F5DF00A39754 /* ASIAuthenticationDialog.m */,
				308D885C1546F5DF00A39754 /* ASICacheDelegate.h */,
				308D885D1546F5DF00A39754 /* ASIDataCompressor.h */,
				308D885E1546F5DF00A39754 /* ASIDataCompressor.m */,
				308D885F1546F5DF00A39754 /* ASIDataDecompressor.h */,
				308D88601546F5DF00A39754 /* ASIDataDecompressor.m */,
				308D88611546F5DF00A39754 /* ASIDownloadCache.h */,
				308D88621546F5DF00A39754 /* ASIDownloadCache.m */,
				308D88631546F5DF00A39754 /* ASIFormDataRequest.h */,
				308D88641546F5DF00A39754 /* ASIFormDataRequest.m */,
				308D88651546F5DF00A39754 /* ASIHTTPRequest.h */,
				308D88661546F5DF00A39754 /* ASIHTTPRequest.m */,
				308D88671546F5DF00A39754 /* ASIHTTPRequestConfig.h */,
				308D88681546F5DF00A39754 /* ASIHTTPRequestDelegate.h */,
				308D88691546F5DF00A39754 /* ASIInputStream.h */,
				308D886A1546F5DF00A39754 /* ASIInputStream.m */,
				308D886B1546F5DF00A39754 /* ASINetworkQueue.h */,
				308D886C1546F5DF00A39754 /* ASINetworkQueue.m */,
				308D886D1546F5DF00A39754 /* ASIProgressDelegate.h */,
				308D886E1546F5DF00A39754 /* ASIWebPageRequest */,
				308D88711546F5DF00A39754 /* CloudFiles */,
				308D88801546F5DF00A39754 /* S3 */,
				308D88D21546F6E500A39754 /* External */,
				308D88E21546F91600A39754 /* SystemConfiguration.framework */,
				308D88E01546F90B00A39754 /* CoreData.framework */,
				308D88DE1546F8FD00A39754 /* CoreFoundation.framework */,
				308D88DC1546F8EC00A39754 /* MobileCoreServices.framework */,
				308D88DA1546F8E400A39754 /* CFNetwork.framework */,
				308D88E41546F91E00A39754 /* libz.dylib */,
				308D88E61546F92900A39754 /* libxml2.dylib */,
			);
			name = "asi-http-request";
			path = "asi-http-request/Classes";
			sourceTree = SOURCE_ROOT;
		};
		308D886E1546F5DF00A39754 /* ASIWebPageRequest */ = {
			isa = PBXGroup;
			children = (
				308D886F1546F5DF00A39754 /* ASIWebPageRequest.h */,
				308D88701546F5DF00A39754 /* ASIWebPageRequest.m */,
			);
			path = ASIWebPageRequest;
			sourceTree = "<group>";
		};
		308D88711546F5DF00A39754 /* CloudFiles */ = {
			isa = PBXGroup;
			children = (
				308D88721546F5DF00A39754 /* ASICloudFilesCDNRequest.h */,
				308D88731546F5DF00A39754 /* ASICloudFilesCDNRequest.m */,
				308D88741546F5DF00A39754 /* ASICloudFilesContainer.h */,
				308D88751546F5DF00A39754 /* ASICloudFilesContainer.m */,
				308D88761546F5DF00A39754 /* ASICloudFilesContainerRequest.h */,
				308D88771546F5DF00A39754 /* ASICloudFilesContainerRequest.m */,
				308D88781546F5DF00A39754 /* ASICloudFilesContainerXMLParserDelegate.h */,
				308D88791546F5DF00A39754 /* ASICloudFilesContainerXMLParserDelegate.m */,
				308D887A1546F5DF00A39754 /* ASICloudFilesObject.h */,
				308D887B1546F5DF00A39754 /* ASICloudFilesObject.m */,
				308D887C1546F5DF00A39754 /* ASICloudFilesObjectRequest.h */,
				308D887D1546F5DF00A39754 /* ASICloudFilesObjectRequest.m */,
				308D887E1546F5DF00A39754 /* ASICloudFilesRequest.h */,
				308D887F1546F5DF00A39754 /* ASICloudFilesRequest.m */,
			);
			path = CloudFiles;
			sourceTree = "<group>";
		};
		308D88801546F5DF00A39754 /* S3 */ = {
			isa = PBXGroup;
			children = (
				308D88811546F5DF00A39754 /* ASINSXMLParserCompat.h */,
				308D88821546F5DF00A39754 /* ASIS3Bucket.h */,
				308D88831546F5DF00A39754 /* ASIS3Bucket.m */,
				308D88841546F5DF00A39754 /* ASIS3BucketObject.h */,
				308D88851546F5DF00A39754 /* ASIS3BucketObject.m */,
				308D88861546F5DF00A39754 /* ASIS3BucketRequest.h */,
				308D88871546F5DF00A39754 /* ASIS3BucketRequest.m */,
				308D88881546F5DF00A39754 /* ASIS3ObjectRequest.h */,
				308D88891546F5DF00A39754 /* ASIS3ObjectRequest.m */,
				308D888A1546F5DF00A39754 /* ASIS3Request.h */,
				308D888B1546F5DF00A39754 /* ASIS3Request.m */,
				308D888C1546F5DF00A39754 /* ASIS3ServiceRequest.h */,
				308D888D1546F5DF00A39754 /* ASIS3ServiceRequest.m */,
			);
			path = S3;
			sourceTree = "<group>";
		};
		308D88D21546F6E500A39754 /* External */ = {
			isa = PBXGroup;
			children = (
				308D88D31546F6E500A39754 /* GHUnit */,
				308D88D51546F6E500A39754 /* Reachability */,
			);
			name = External;
			path = "asi-http-request/External";
			sourceTree = SOURCE_ROOT;
		};
		308D88D31546F6E500A39754 /* GHUnit */ = {
			isa = PBXGroup;
			children = (
				308D88D41546F6E500A39754 /* README-GHUnit */,
			);
			path = GHUnit;
			sourceTree = "<group>";
		};
		308D88D51546F6E500A39754 /* Reachability */ = {
			isa = PBXGroup;
			children = (
				308D88D61546F6E500A39754 /* Reachability.h */,
				308D88D71546F6E500A39754 /* Reachability.m */,
			);
			path = Reachability;
			sourceTree = "<group>";
		};
		30F2E4DB15347E0D008FAE1B /* KissXML */ = {
			isa = PBXGroup;
			children = (
				30F2E4DC15347E0D008FAE1B /* Additions */,
				30F2E4DF15347E0D008FAE1B /* Categories */,
				30F2E4E215347E0D008FAE1B /* DDXML.h */,
				30F2E4E315347E0D008FAE1B /* DDXMLDocument.h */,
				30F2E4E415347E0D008FAE1B /* DDXMLDocument.m */,
				30F2E4E515347E0D008FAE1B /* DDXMLElement.h */,
				30F2E4E615347E0D008FAE1B /* DDXMLElement.m */,
				30F2E4E715347E0D008FAE1B /* DDXMLNode.h */,
				30F2E4E815347E0D008FAE1B /* DDXMLNode.m */,
				30F2E4E915347E0D008FAE1B /* Private */,
			);
			name = KissXML;
			path = KissXML/KissXML;
			sourceTree = SOURCE_ROOT;
		};
		30F2E4DC15347E0D008FAE1B /* Additions */ = {
			isa = PBXGroup;
			children = (
				30F2E4DD15347E0D008FAE1B /* DDXMLElementAdditions.h */,
				30F2E4DE15347E0D008FAE1B /* DDXMLElementAdditions.m */,
			);
			path = Additions;
			sourceTree = "<group>";
		};
		30F2E4DF15347E0D008FAE1B /* Categories */ = {
			isa = PBXGroup;
			children = (
				30F2E4E015347E0D008FAE1B /* NSString+DDXML.h */,
				30F2E4E115347E0D008FAE1B /* NSString+DDXML.m */,
			);
			path = Categories;
			sourceTree = "<group>";
		};
		30F2E4E915347E0D008FAE1B /* Private */ = {
			isa = PBXGroup;
			children = (
				30F2E4EA15347E0D008FAE1B /* DDXMLPrivate.h */,
			);
			path = Private;
			sourceTree = "<group>";
		};
		A2A0A5A9151F9DB300D27E0B /* Text Input */ = {
			isa = PBXGroup;
			children = (
				A2A0A5AA151F9DD300D27E0B /* TextInputView.h */,
				A2A0A5AB151F9DD300D27E0B /* TextInputView.m */,
			);
			name = "Text Input";
			sourceTree = "<group>";
		};
		A2B5464F14F54B890075405B /* Camera */ = {
			isa = PBXGroup;
			children = (
				30C4EE2A14F6AB5A00BC0074 /* CameraView.h */,
				30C4EE2914F6AB5A00BC0074 /* CameraView.m */,
			);
			name = Camera;
			sourceTree = "<group>";
		};
/* End PBXGroup section */

/* Begin PBXNativeTarget section */
		3000B57E14F426C00054E59A /* ToolKit */ = {
			isa = PBXNativeTarget;
			buildConfigurationList = 3000B59714F426C00054E59A /* Build configuration list for PBXNativeTarget "ToolKit" */;
			buildPhases = (
				30D94B2715502BF900BD9332 /* ShellScript */,
				3000B57B14F426C00054E59A /* Sources */,
				3000B57C14F426C00054E59A /* Frameworks */,
				3000B57D14F426C00054E59A /* Resources */,
			);
			buildRules = (
				30D94B2515502B8500BD9332 /* PBXBuildRule */,
			);
			dependencies = (
			);
			name = ToolKit;
			productName = ToolKit;
			productReference = 3000B57F14F426C00054E59A /* ToolKit.app */;
			productType = "com.apple.product-type.application";
		};
/* End PBXNativeTarget section */

/* Begin PBXProject section */
		3000B57614F426BF0054E59A /* Project object */ = {
			isa = PBXProject;
			attributes = {
				LastUpgradeCheck = 0420;
			};
			buildConfigurationList = 3000B57914F426BF0054E59A /* Build configuration list for PBXProject "ToolKit" */;
			compatibilityVersion = "Xcode 3.2";
			developmentRegion = English;
			hasScannedForEncodings = 0;
			knownRegions = (
				en,
			);
			mainGroup = 3000B57414F426BF0054E59A;
			productRefGroup = 3000B58014F426C00054E59A /* Products */;
			projectDirPath = "";
			projectRoot = "";
			targets = (
				3000B57E14F426C00054E59A /* ToolKit */,
			);
		};
/* End PBXProject section */

/* Begin PBXResourcesBuildPhase section */
		3000B57D14F426C00054E59A /* Resources */ = {
			isa = PBXResourcesBuildPhase;
			buildActionMask = 2147483647;
			files = (
				3000B58E14F426C00054E59A /* InfoPlist.strings in Resources */,
				3076C1BB15408E4200599BAB /* IncentivesViewController.xib in Resources */,
				308D88D81546F6E500A39754 /* README-GHUnit in Resources */,
			);
			runOnlyForDeploymentPostprocessing = 0;
		};
/* End PBXResourcesBuildPhase section */

/* Begin PBXShellScriptBuildPhase section */
		30D94B2715502BF900BD9332 /* ShellScript */ = {
			isa = PBXShellScriptBuildPhase;
			buildActionMask = 2147483647;
			files = (
			);
			inputPaths = (
			);
			outputPaths = (
			);
			runOnlyForDeploymentPostprocessing = 0;
			shellPath = /bin/sh;
			shellScript = "git submodule sync\ngit submodule update";
		};
/* End PBXShellScriptBuildPhase section */

/* Begin PBXSourcesBuildPhase section */
		3000B57B14F426C00054E59A /* Sources */ = {
			isa = PBXSourcesBuildPhase;
			buildActionMask = 2147483647;
			files = (
				3000B59014F426C00054E59A /* main.m in Sources */,
				3000B59414F426C00054E59A /* UNCCAppDelegate.m in Sources */,
				301FBB1814F427D50093161F /* GPSView.m in Sources */,
				302DE28514F4420E00AAB79D /* AccelerationView.m in Sources */,
				A2B5463F14F4AFB40075405B /* ToolKitViewController.m in Sources */,
				A2B5464614F547850075405B /* UIView+UIKitCategories.m in Sources */,
				30C4EE2B14F6AB5A00BC0074 /* CameraView.m in Sources */,
				30635C24151B9987009DE521 /* NSString+Base64.m in Sources */,
				30635C28151B9A4D009DE521 /* NSData+Base64.m in Sources */,
				30635C2B151BA888009DE521 /* ToolKitXMLBuilder.m in Sources */,
				A2A0A5AC151F9DD300D27E0B /* TextInputView.m in Sources */,
				30C7F9F71522426400E2F04D /* CyclicArray.m in Sources */,
				30F2E4D915347DE6008FAE1B /* UIImage+ProportionalFill.m in Sources */,
				30F2E4EB15347E0D008FAE1B /* DDXMLElementAdditions.m in Sources */,
				30F2E4EC15347E0D008FAE1B /* NSString+DDXML.m in Sources */,
				30F2E4ED15347E0D008FAE1B /* DDXMLDocument.m in Sources */,
				30F2E4EE15347E0D008FAE1B /* DDXMLElement.m in Sources */,
				30F2E4EF15347E0D008FAE1B /* DDXMLNode.m in Sources */,
				3076C1BA15408E4200599BAB /* IncentivesViewController.m in Sources */,
				308D88AC1546F5DF00A39754 /* ASIAuthenticationDialog.m in Sources */,
				308D88AD1546F5DF00A39754 /* ASIDataCompressor.m in Sources */,
				308D88AE1546F5DF00A39754 /* ASIDataDecompressor.m in Sources */,
				308D88AF1546F5DF00A39754 /* ASIDownloadCache.m in Sources */,
				308D88B01546F5DF00A39754 /* ASIFormDataRequest.m in Sources */,
				308D88B11546F5DF00A39754 /* ASIHTTPRequest.m in Sources */,
				308D88B21546F5DF00A39754 /* ASIInputStream.m in Sources */,
				308D88B31546F5DF00A39754 /* ASINetworkQueue.m in Sources */,
				308D88B41546F5DF00A39754 /* ASIWebPageRequest.m in Sources */,
				308D88B51546F5DF00A39754 /* ASICloudFilesCDNRequest.m in Sources */,
				308D88B61546F5DF00A39754 /* ASICloudFilesContainer.m in Sources */,
				308D88B71546F5DF00A39754 /* ASICloudFilesContainerRequest.m in Sources */,
				308D88B81546F5DF00A39754 /* ASICloudFilesContainerXMLParserDelegate.m in Sources */,
				308D88B91546F5DF00A39754 /* ASICloudFilesObject.m in Sources */,
				308D88BA1546F5DF00A39754 /* ASICloudFilesObjectRequest.m in Sources */,
				308D88BB1546F5DF00A39754 /* ASICloudFilesRequest.m in Sources */,
				308D88BC1546F5DF00A39754 /* ASIS3Bucket.m in Sources */,
				308D88BD1546F5DF00A39754 /* ASIS3BucketObject.m in Sources */,
				308D88BE1546F5DF00A39754 /* ASIS3BucketRequest.m in Sources */,
				308D88BF1546F5DF00A39754 /* ASIS3ObjectRequest.m in Sources */,
				308D88C01546F5DF00A39754 /* ASIS3Request.m in Sources */,
				308D88C11546F5DF00A39754 /* ASIS3ServiceRequest.m in Sources */,
				308D88D91546F6E500A39754 /* Reachability.m in Sources */,
				30E6D05F15488C0B0018E334 /* GraphView.m in Sources */,
			);
			runOnlyForDeploymentPostprocessing = 0;
		};
/* End PBXSourcesBuildPhase section */

/* Begin PBXVariantGroup section */
		3000B58C14F426C00054E59A /* InfoPlist.strings */ = {
			isa = PBXVariantGroup;
			children = (
				3000B58D14F426C00054E59A /* en */,
			);
			name = InfoPlist.strings;
			sourceTree = "<group>";
		};
/* End PBXVariantGroup section */

/* Begin XCBuildConfiguration section */
		3000B59514F426C00054E59A /* Debug */ = {
			isa = XCBuildConfiguration;
			buildSettings = {
				ALWAYS_SEARCH_USER_PATHS = NO;
				ARCHS = "$(ARCHS_STANDARD_32_BIT)";
				CLANG_ENABLE_OBJC_ARC = YES;
				"CODE_SIGN_IDENTITY[sdk=iphoneos*]" = "iPhone Developer";
				COPY_PHASE_STRIP = NO;
				GCC_C_LANGUAGE_STANDARD = gnu99;
				GCC_DYNAMIC_NO_PIC = NO;
				GCC_OPTIMIZATION_LEVEL = 0;
				GCC_PREPROCESSOR_DEFINITIONS = (
					"DEBUG=1",
					"$(inherited)",
				);
				GCC_SYMBOLS_PRIVATE_EXTERN = NO;
				GCC_VERSION = com.apple.compilers.llvm.clang.1_0;
				GCC_WARN_ABOUT_MISSING_PROTOTYPES = YES;
				GCC_WARN_ABOUT_RETURN_TYPE = YES;
				GCC_WARN_UNUSED_VARIABLE = YES;
				HEADER_SEARCH_PATHS = /usr/include/libxml2;
				IPHONEOS_DEPLOYMENT_TARGET = 5.0;
				OTHER_LDFLAGS = "-lxml2";
				SDKROOT = iphoneos;
				TARGETED_DEVICE_FAMILY = "1,2";
			};
			name = Debug;
		};
		3000B59614F426C00054E59A /* Release */ = {
			isa = XCBuildConfiguration;
			buildSettings = {
				ALWAYS_SEARCH_USER_PATHS = NO;
				ARCHS = "$(ARCHS_STANDARD_32_BIT)";
				CLANG_ENABLE_OBJC_ARC = YES;
				"CODE_SIGN_IDENTITY[sdk=iphoneos*]" = "iPhone Developer";
				COPY_PHASE_STRIP = YES;
				GCC_C_LANGUAGE_STANDARD = gnu99;
				GCC_VERSION = com.apple.compilers.llvm.clang.1_0;
				GCC_WARN_ABOUT_MISSING_PROTOTYPES = YES;
				GCC_WARN_ABOUT_RETURN_TYPE = YES;
				GCC_WARN_UNUSED_VARIABLE = YES;
				HEADER_SEARCH_PATHS = /usr/include/libxml2;
				IPHONEOS_DEPLOYMENT_TARGET = 5.0;
				OTHER_CFLAGS = "-DNS_BLOCK_ASSERTIONS=1";
				OTHER_LDFLAGS = "-lxml2";
				SDKROOT = iphoneos;
				TARGETED_DEVICE_FAMILY = "1,2";
				VALIDATE_PRODUCT = YES;
			};
			name = Release;
		};
		3000B59814F426C00054E59A /* Debug */ = {
			isa = XCBuildConfiguration;
			buildSettings = {
				GCC_PRECOMPILE_PREFIX_HEADER = YES;
				GCC_PREFIX_HEADER = "ToolKit/ToolKit-Prefix.pch";
				INFOPLIST_FILE = "ToolKit/ToolKit-Info.plist";
				IPHONEOS_DEPLOYMENT_TARGET = 4.2;
				PRODUCT_NAME = "$(TARGET_NAME)";
				TARGETED_DEVICE_FAMILY = "1,2";
				WRAPPER_EXTENSION = app;
			};
			name = Debug;
		};
		3000B59914F426C00054E59A /* Release */ = {
			isa = XCBuildConfiguration;
			buildSettings = {
				GCC_PRECOMPILE_PREFIX_HEADER = YES;
				GCC_PREFIX_HEADER = "ToolKit/ToolKit-Prefix.pch";
				INFOPLIST_FILE = "ToolKit/ToolKit-Info.plist";
				IPHONEOS_DEPLOYMENT_TARGET = 4.2;
				PRODUCT_NAME = "$(TARGET_NAME)";
				TARGETED_DEVICE_FAMILY = "1,2";
				WRAPPER_EXTENSION = app;
			};
			name = Release;
		};
/* End XCBuildConfiguration section */

/* Begin XCConfigurationList section */
		3000B57914F426BF0054E59A /* Build configuration list for PBXProject "ToolKit" */ = {
			isa = XCConfigurationList;
			buildConfigurations = (
				3000B59514F426C00054E59A /* Debug */,
				3000B59614F426C00054E59A /* Release */,
			);
			defaultConfigurationIsVisible = 0;
			defaultConfigurationName = Release;
		};
		3000B59714F426C00054E59A /* Build configuration list for PBXNativeTarget "ToolKit" */ = {
			isa = XCConfigurationList;
			buildConfigurations = (
				3000B59814F426C00054E59A /* Debug */,
				3000B59914F426C00054E59A /* Release */,
			);
			defaultConfigurationIsVisible = 0;
			defaultConfigurationName = Release;
		};
/* End XCConfigurationList section */
	};
	rootObject = 3000B57614F426BF0054E59A /* Project object */;
}
