// !$*UTF8*$!
{
	archiveVersion = 1;
	classes = {
	};
	objectVersion = 46;
	objects = {

/* Begin PBXBuildFile section */
		3000B58414F426C00054E59A /* UIKit.framework in Frameworks */ = {isa = PBXBuildFile; fileRef = 3000B58314F426C00054E59A /* UIKit.framework */; };
		3000B58614F426C00054E59A /* Foundation.framework in Frameworks */ = {isa = PBXBuildFile; fileRef = 3000B58514F426C00054E59A /* Foundation.framework */; };
		3000B58814F426C00054E59A /* CoreGraphics.framework in Frameworks */ = {isa = PBXBuildFile; fileRef = 3000B58714F426C00054E59A /* CoreGraphics.framework */; };
		3000B58E14F426C00054E59A /* InfoPlist.strings in Resources */ = {isa = PBXBuildFile; fileRef = 3000B58C14F426C00054E59A /* InfoPlist.strings */; };
		3000B59014F426C00054E59A /* main.m in Sources */ = {isa = PBXBuildFile; fileRef = 3000B58F14F426C00054E59A /* main.m */; };
		3000B59414F426C00054E59A /* UNCCAppDelegate.m in Sources */ = {isa = PBXBuildFile; fileRef = 3000B59314F426C00054E59A /* UNCCAppDelegate.m */; };
/* End PBXBuildFile section */

/* Begin PBXFileReference section */
		3000B57F14F426C00054E59A /* ToolKit.app */ = {isa = PBXFileReference; explicitFileType = wrapper.application; includeInIndex = 0; path = ToolKit.app; sourceTree = BUILT_PRODUCTS_DIR; };
		3000B58314F426C00054E59A /* UIKit.framework */ = {isa = PBXFileReference; lastKnownFileType = wrapper.framework; name = UIKit.framework; path = System/Library/Frameworks/UIKit.framework; sourceTree = SDKROOT; };
		3000B58514F426C00054E59A /* Foundation.framework */ = {isa = PBXFileReference; lastKnownFileType = wrapper.framework; name = Foundation.framework; path = System/Library/Frameworks/Foundation.framework; sourceTree = SDKROOT; };
		3000B58714F426C00054E59A /* CoreGraphics.framework */ = {isa = PBXFileReference; lastKnownFileType = wrapper.framework; name = CoreGraphics.framework; path = System/Library/Frameworks/CoreGraphics.framework; sourceTree = SDKROOT; };
		3000B58B14F426C00054E59A /* ToolKit-Info.plist */ = {isa = PBXFileReference; path = "ToolKit-Info.plist"; sourceTree = "<group>"; };
		3000B58D14F426C00054E59A /* en */ = {isa = PBXFileReference; lastKnownFileType = text.plist.strings; name = en; path = en.lproj/InfoPlist.strings; sourceTree = "<group>"; };
		3000B58F14F426C00054E59A /* main.m */ = {isa = PBXFileReference; lastKnownFileType = sourcecode.c.objc; path = main.m; sourceTree = "<group>"; };
		3000B59114F426C00054E59A /* ToolKit-Prefix.pch */ = {isa = PBXFileReference; path = "ToolKit-Prefix.pch"; sourceTree = "<group>"; };
		3000B59214F426C00054E59A /* UNCCAppDelegate.h */ = {isa = PBXFileReference; path = UNCCAppDelegate.h; sourceTree = "<group>"; };
		3000B59314F426C00054E59A /* UNCCAppDelegate.m */ = {isa = PBXFileReference; lastKnownFileType = sourcecode.c.objc; path = UNCCAppDelegate.m; sourceTree = "<group>"; };
/* End PBXFileReference section */

/* Begin PBXFrameworksBuildPhase section */
		3000B57C14F426C00054E59A /* Frameworks */ = {
			isa = PBXFrameworksBuildPhase;
			buildActionMask = 2147483647;
			files = (
				3000B58414F426C00054E59A /* UIKit.framework in Frameworks */,
				3000B58614F426C00054E59A /* Foundation.framework in Frameworks */,
				3000B58814F426C00054E59A /* CoreGraphics.framework in Frameworks */,
			);
			runOnlyForDeploymentPostprocessing = 0;
		};
/* End PBXFrameworksBuildPhase section */

/* Begin PBXGroup section */
		3000B57414F426BF0054E59A = {
			isa = PBXGroup;
			children = (
				3000B58914F426C00054E59A /* ToolKit */,
				3000B58214F426C00054E59A /* Frameworks */,
				3000B58014F426C00054E59A /* Products */,
			);
			sourceTree = "<group>";
		};
		3000B58014F426C00054E59A /* Products */ = {
			isa = PBXGroup;
			children = (
				3000B57F14F426C00054E59A /* ToolKit.app */,
			);
			name = Products;
			sourceTree = "<group>";
		};
		3000B58214F426C00054E59A /* Frameworks */ = {
			isa = PBXGroup;
			children = (
				3000B58314F426C00054E59A /* UIKit.framework */,
				3000B58514F426C00054E59A /* Foundation.framework */,
				3000B58714F426C00054E59A /* CoreGraphics.framework */,
			);
			name = Frameworks;
			sourceTree = "<group>";
		};
		3000B58914F426C00054E59A /* ToolKit */ = {
			isa = PBXGroup;
			children = (
				3000B59214F426C00054E59A /* UNCCAppDelegate.h */,
				3000B59314F426C00054E59A /* UNCCAppDelegate.m */,
				3000B58A14F426C00054E59A /* Supporting Files */,
			);
			path = ToolKit;
			sourceTree = "<group>";
		};
		3000B58A14F426C00054E59A /* Supporting Files */ = {
			isa = PBXGroup;
			children = (
				3000B58B14F426C00054E59A /* ToolKit-Info.plist */,
				3000B58C14F426C00054E59A /* InfoPlist.strings */,
				3000B58F14F426C00054E59A /* main.m */,
				3000B59114F426C00054E59A /* ToolKit-Prefix.pch */,
			);
			name = "Supporting Files";
			sourceTree = "<group>";
		};
/* End PBXGroup section */

/* Begin PBXNativeTarget section */
		3000B57E14F426C00054E59A /* ToolKit */ = {
			isa = PBXNativeTarget;
			buildConfigurationList = 3000B59714F426C00054E59A /* Build configuration list for PBXNativeTarget "ToolKit" */;
			buildPhases = (
				3000B57B14F426C00054E59A /* Sources */,
				3000B57C14F426C00054E59A /* Frameworks */,
				3000B57D14F426C00054E59A /* Resources */,
			);
			buildRules = (
			);
			dependencies = (
			);
			name = ToolKit;
			productName = ToolKit;
			productReference = 3000B57F14F426C00054E59A /* ToolKit.app */;
			productType = "com.apple.product-type.application";
		};
/* End PBXNativeTarget section */

/* Begin PBXProject section */
		3000B57614F426BF0054E59A /* Project object */ = {
			isa = PBXProject;
			attributes = {
				LastUpgradeCheck = 0420;
			};
			buildConfigurationList = 3000B57914F426BF0054E59A /* Build configuration list for PBXProject "ToolKit" */;
			compatibilityVersion = "Xcode 3.2";
			developmentRegion = English;
			hasScannedForEncodings = 0;
			knownRegions = (
				en,
			);
			mainGroup = 3000B57414F426BF0054E59A;
			productRefGroup = 3000B58014F426C00054E59A /* Products */;
			projectDirPath = "";
			projectRoot = "";
			targets = (
				3000B57E14F426C00054E59A /* ToolKit */,
			);
		};
/* End PBXProject section */

/* Begin PBXResourcesBuildPhase section */
		3000B57D14F426C00054E59A /* Resources */ = {
			isa = PBXResourcesBuildPhase;
			buildActionMask = 2147483647;
			files = (
				3000B58E14F426C00054E59A /* InfoPlist.strings in Resources */,
			);
			runOnlyForDeploymentPostprocessing = 0;
		};
/* End PBXResourcesBuildPhase section */

/* Begin PBXSourcesBuildPhase section */
		3000B57B14F426C00054E59A /* Sources */ = {
			isa = PBXSourcesBuildPhase;
			buildActionMask = 2147483647;
			files = (
				3000B59014F426C00054E59A /* main.m in Sources */,
				3000B59414F426C00054E59A /* UNCCAppDelegate.m in Sources */,
			);
			runOnlyForDeploymentPostprocessing = 0;
		};
/* End PBXSourcesBuildPhase section */

/* Begin PBXVariantGroup section */
		3000B58C14F426C00054E59A /* InfoPlist.strings */ = {
			isa = PBXVariantGroup;
			children = (
				3000B58D14F426C00054E59A /* en */,
			);
			name = InfoPlist.strings;
			sourceTree = "<group>";
		};
/* End PBXVariantGroup section */

/* Begin XCBuildConfiguration section */
		3000B59514F426C00054E59A /* Debug */ = {
			isa = XCBuildConfiguration;
			buildSettings = {
				ALWAYS_SEARCH_USER_PATHS = NO;
				ARCHS = "$(ARCHS_STANDARD_32_BIT)";
				CLANG_ENABLE_OBJC_ARC = YES;
				"CODE_SIGN_IDENTITY[sdk=iphoneos*]" = "iPhone Developer";
				COPY_PHASE_STRIP = NO;
				GCC_C_LANGUAGE_STANDARD = gnu99;
				GCC_DYNAMIC_NO_PIC = NO;
				GCC_OPTIMIZATION_LEVEL = 0;
				GCC_PREPROCESSOR_DEFINITIONS = (
					"DEBUG=1",
					"$(inherited)",
				);
				GCC_SYMBOLS_PRIVATE_EXTERN = NO;
				GCC_VERSION = com.apple.compilers.llvm.clang.1_0;
				GCC_WARN_ABOUT_MISSING_PROTOTYPES = YES;
				GCC_WARN_ABOUT_RETURN_TYPE = YES;
				GCC_WARN_UNUSED_VARIABLE = YES;
				IPHONEOS_DEPLOYMENT_TARGET = 5.0;
				SDKROOT = iphoneos;
				TARGETED_DEVICE_FAMILY = "1,2";
			};
			name = Debug;
		};
		3000B59614F426C00054E59A /* Release */ = {
			isa = XCBuildConfiguration;
			buildSettings = {
				ALWAYS_SEARCH_USER_PATHS = NO;
				ARCHS = "$(ARCHS_STANDARD_32_BIT)";
				CLANG_ENABLE_OBJC_ARC = YES;
				"CODE_SIGN_IDENTITY[sdk=iphoneos*]" = "iPhone Developer";
				COPY_PHASE_STRIP = YES;
				GCC_C_LANGUAGE_STANDARD = gnu99;
				GCC_VERSION = com.apple.compilers.llvm.clang.1_0;
				GCC_WARN_ABOUT_MISSING_PROTOTYPES = YES;
				GCC_WARN_ABOUT_RETURN_TYPE = YES;
				GCC_WARN_UNUSED_VARIABLE = YES;
				IPHONEOS_DEPLOYMENT_TARGET = 5.0;
				OTHER_CFLAGS = "-DNS_BLOCK_ASSERTIONS=1";
				SDKROOT = iphoneos;
				TARGETED_DEVICE_FAMILY = "1,2";
				VALIDATE_PRODUCT = YES;
			};
			name = Release;
		};
		3000B59814F426C00054E59A /* Debug */ = {
			isa = XCBuildConfiguration;
			buildSettings = {
				GCC_PRECOMPILE_PREFIX_HEADER = YES;
				GCC_PREFIX_HEADER = "ToolKit/ToolKit-Prefix.pch";
				INFOPLIST_FILE = "ToolKit/ToolKit-Info.plist";
				PRODUCT_NAME = "$(TARGET_NAME)";
				WRAPPER_EXTENSION = app;
			};
			name = Debug;
		};
		3000B59914F426C00054E59A /* Release */ = {
			isa = XCBuildConfiguration;
			buildSettings = {
				GCC_PRECOMPILE_PREFIX_HEADER = YES;
				GCC_PREFIX_HEADER = "ToolKit/ToolKit-Prefix.pch";
				INFOPLIST_FILE = "ToolKit/ToolKit-Info.plist";
				PRODUCT_NAME = "$(TARGET_NAME)";
				WRAPPER_EXTENSION = app;
			};
			name = Release;
		};
/* End XCBuildConfiguration section */

/* Begin XCConfigurationList section */
		3000B57914F426BF0054E59A /* Build configuration list for PBXProject "ToolKit" */ = {
			isa = XCConfigurationList;
			buildConfigurations = (
				3000B59514F426C00054E59A /* Debug */,
				3000B59614F426C00054E59A /* Release */,
			);
			defaultConfigurationIsVisible = 0;
			defaultConfigurationName = Release;
		};
		3000B59714F426C00054E59A /* Build configuration list for PBXNativeTarget "ToolKit" */ = {
			isa = XCConfigurationList;
			buildConfigurations = (
				3000B59814F426C00054E59A /* Debug */,
				3000B59914F426C00054E59A /* Release */,
			);
			defaultConfigurationIsVisible = 0;
		};
/* End XCConfigurationList section */
	};
	rootObject = 3000B57614F426BF0054E59A /* Project object */;
}
