// !$*UTF8*$!
{
	archiveVersion = 1;
	classes = {
	};
	objectVersion = 46;
	objects = {

/* Begin PBXBuildFile section */
		3000B58414F426C00054E59A /* UIKit.framework in Frameworks */ = {isa = PBXBuildFile; fileRef = 3000B58314F426C00054E59A /* UIKit.framework */; };
		3000B58614F426C00054E59A /* Foundation.framework in Frameworks */ = {isa = PBXBuildFile; fileRef = 3000B58514F426C00054E59A /* Foundation.framework */; };
		3000B58814F426C00054E59A /* CoreGraphics.framework in Frameworks */ = {isa = PBXBuildFile; fileRef = 3000B58714F426C00054E59A /* CoreGraphics.framework */; };
		3000B58E14F426C00054E59A /* InfoPlist.strings in Resources */ = {isa = PBXBuildFile; fileRef = 3000B58C14F426C00054E59A /* InfoPlist.strings */; };
		3000B59014F426C00054E59A /* main.m in Sources */ = {isa = PBXBuildFile; fileRef = 3000B58F14F426C00054E59A /* main.m */; };
		3000B59414F426C00054E59A /* UNCCAppDelegate.m in Sources */ = {isa = PBXBuildFile; fileRef = 3000B59314F426C00054E59A /* UNCCAppDelegate.m */; };
		301FBB1814F427D50093161F /* GPSView.m in Sources */ = {isa = PBXBuildFile; fileRef = 301FBB1714F427D50093161F /* GPSView.m */; };
		301FBB1B14F428070093161F /* MapKit.framework in Frameworks */ = {isa = PBXBuildFile; fileRef = 301FBB1A14F428070093161F /* MapKit.framework */; };
		301FBB2114F4295C0093161F /* CoreLocation.framework in Frameworks */ = {isa = PBXBuildFile; fileRef = 301FBB2014F4295C0093161F /* CoreLocation.framework */; };
		302DE28514F4420E00AAB79D /* AccelerationView.m in Sources */ = {isa = PBXBuildFile; fileRef = 302DE28414F4420E00AAB79D /* AccelerationView.m */; };
		302DE28D14F4448E00AAB79D /* GraphView.m in Sources */ = {isa = PBXBuildFile; fileRef = 302DE28C14F4448E00AAB79D /* GraphView.m */; };
		302DE28F14F444D200AAB79D /* QuartzCore.framework in Frameworks */ = {isa = PBXBuildFile; fileRef = 302DE28E14F444D200AAB79D /* QuartzCore.framework */; };
		30C4EE2B14F6AB5A00BC0074 /* CameraView.m in Sources */ = {isa = PBXBuildFile; fileRef = 30C4EE2914F6AB5A00BC0074 /* CameraView.m */; };
		30C4EE3014F6CFCC00BC0074 /* VideoPlayerView.m in Sources */ = {isa = PBXBuildFile; fileRef = 30C4EE2F14F6CFCC00BC0074 /* VideoPlayerView.m */; };
		30C4EE3214F6D02600BC0074 /* AVFoundation.framework in Frameworks */ = {isa = PBXBuildFile; fileRef = 30C4EE3114F6D02600BC0074 /* AVFoundation.framework */; };
		30C4EE3414F6D05B00BC0074 /* MobileCoreServices.framework in Frameworks */ = {isa = PBXBuildFile; fileRef = 30C4EE3314F6D05B00BC0074 /* MobileCoreServices.framework */; };
		30C4EE4314F6DA5700BC0074 /* VideoPlayerViewController.m in Sources */ = {isa = PBXBuildFile; fileRef = 30C4EE4214F6DA5700BC0074 /* VideoPlayerViewController.m */; };
		A2B5463F14F4AFB40075405B /* ToolKitViewController.m in Sources */ = {isa = PBXBuildFile; fileRef = A2B5463E14F4AFB40075405B /* ToolKitViewController.m */; };
		A2B5464614F547850075405B /* UIView+UIKitCategories.m in Sources */ = {isa = PBXBuildFile; fileRef = A2B5464514F547850075405B /* UIView+UIKitCategories.m */; };
/* End PBXBuildFile section */

/* Begin PBXFileReference section */
		3000B57F14F426C00054E59A /* ToolKit.app */ = {isa = PBXFileReference; explicitFileType = wrapper.application; includeInIndex = 0; path = ToolKit.app; sourceTree = BUILT_PRODUCTS_DIR; };
		3000B58314F426C00054E59A /* UIKit.framework */ = {isa = PBXFileReference; lastKnownFileType = wrapper.framework; name = UIKit.framework; path = System/Library/Frameworks/UIKit.framework; sourceTree = SDKROOT; };
		3000B58514F426C00054E59A /* Foundation.framework */ = {isa = PBXFileReference; lastKnownFileType = wrapper.framework; name = Foundation.framework; path = System/Library/Frameworks/Foundation.framework; sourceTree = SDKROOT; };
		3000B58714F426C00054E59A /* CoreGraphics.framework */ = {isa = PBXFileReference; lastKnownFileType = wrapper.framework; name = CoreGraphics.framework; path = System/Library/Frameworks/CoreGraphics.framework; sourceTree = SDKROOT; };
		3000B58B14F426C00054E59A /* ToolKit-Info.plist */ = {isa = PBXFileReference; lastKnownFileType = text.plist.xml; path = "ToolKit-Info.plist"; sourceTree = "<group>"; };
		3000B58D14F426C00054E59A /* en */ = {isa = PBXFileReference; lastKnownFileType = text.plist.strings; name = en; path = en.lproj/InfoPlist.strings; sourceTree = "<group>"; };
		3000B58F14F426C00054E59A /* main.m */ = {isa = PBXFileReference; lastKnownFileType = sourcecode.c.objc; path = main.m; sourceTree = "<group>"; };
		3000B59114F426C00054E59A /* ToolKit-Prefix.pch */ = {isa = PBXFileReference; lastKnownFileType = sourcecode.c.h; path = "ToolKit-Prefix.pch"; sourceTree = "<group>"; };
		3000B59214F426C00054E59A /* UNCCAppDelegate.h */ = {isa = PBXFileReference; lastKnownFileType = sourcecode.c.h; path = UNCCAppDelegate.h; sourceTree = "<group>"; };
		3000B59314F426C00054E59A /* UNCCAppDelegate.m */ = {isa = PBXFileReference; lastKnownFileType = sourcecode.c.objc; path = UNCCAppDelegate.m; sourceTree = "<group>"; };
		301FBB1614F427D50093161F /* GPSView.h */ = {isa = PBXFileReference; fileEncoding = 4; lastKnownFileType = sourcecode.c.h; path = GPSView.h; sourceTree = "<group>"; };
		301FBB1714F427D50093161F /* GPSView.m */ = {isa = PBXFileReference; fileEncoding = 4; lastKnownFileType = sourcecode.c.objc; path = GPSView.m; sourceTree = "<group>"; };
		301FBB1A14F428070093161F /* MapKit.framework */ = {isa = PBXFileReference; lastKnownFileType = wrapper.framework; name = MapKit.framework; path = System/Library/Frameworks/MapKit.framework; sourceTree = SDKROOT; };
		301FBB2014F4295C0093161F /* CoreLocation.framework */ = {isa = PBXFileReference; lastKnownFileType = wrapper.framework; name = CoreLocation.framework; path = System/Library/Frameworks/CoreLocation.framework; sourceTree = SDKROOT; };
		302DE28314F4420E00AAB79D /* AccelerationView.h */ = {isa = PBXFileReference; fileEncoding = 4; lastKnownFileType = sourcecode.c.h; path = AccelerationView.h; sourceTree = "<group>"; };
		302DE28414F4420E00AAB79D /* AccelerationView.m */ = {isa = PBXFileReference; fileEncoding = 4; lastKnownFileType = sourcecode.c.objc; path = AccelerationView.m; sourceTree = "<group>"; };
		302DE28B14F4448E00AAB79D /* GraphView.h */ = {isa = PBXFileReference; fileEncoding = 4; lastKnownFileType = sourcecode.c.h; path = GraphView.h; sourceTree = "<group>"; };
		302DE28C14F4448E00AAB79D /* GraphView.m */ = {isa = PBXFileReference; fileEncoding = 4; lastKnownFileType = sourcecode.c.objc; path = GraphView.m; sourceTree = "<group>"; };
		302DE28E14F444D200AAB79D /* QuartzCore.framework */ = {isa = PBXFileReference; lastKnownFileType = wrapper.framework; name = QuartzCore.framework; path = System/Library/Frameworks/QuartzCore.framework; sourceTree = SDKROOT; };
		30C4EE2914F6AB5A00BC0074 /* CameraView.m */ = {isa = PBXFileReference; fileEncoding = 4; lastKnownFileType = sourcecode.c.objc; path = CameraView.m; sourceTree = "<group>"; };
		30C4EE2A14F6AB5A00BC0074 /* CameraView.h */ = {isa = PBXFileReference; fileEncoding = 4; lastKnownFileType = sourcecode.c.h; path = CameraView.h; sourceTree = "<group>"; };
		30C4EE2E14F6CFCC00BC0074 /* VideoPlayerView.h */ = {isa = PBXFileReference; fileEncoding = 4; lastKnownFileType = sourcecode.c.h; path = VideoPlayerView.h; sourceTree = "<group>"; };
		30C4EE2F14F6CFCC00BC0074 /* VideoPlayerView.m */ = {isa = PBXFileReference; fileEncoding = 4; lastKnownFileType = sourcecode.c.objc; path = VideoPlayerView.m; sourceTree = "<group>"; };
		30C4EE3114F6D02600BC0074 /* AVFoundation.framework */ = {isa = PBXFileReference; lastKnownFileType = wrapper.framework; name = AVFoundation.framework; path = System/Library/Frameworks/AVFoundation.framework; sourceTree = SDKROOT; };
		30C4EE3314F6D05B00BC0074 /* MobileCoreServices.framework */ = {isa = PBXFileReference; lastKnownFileType = wrapper.framework; name = MobileCoreServices.framework; path = System/Library/Frameworks/MobileCoreServices.framework; sourceTree = SDKROOT; };
		30C4EE4114F6DA5700BC0074 /* VideoPlayerViewController.h */ = {isa = PBXFileReference; fileEncoding = 4; lastKnownFileType = sourcecode.c.h; path = VideoPlayerViewController.h; sourceTree = "<group>"; };
		30C4EE4214F6DA5700BC0074 /* VideoPlayerViewController.m */ = {isa = PBXFileReference; fileEncoding = 4; lastKnownFileType = sourcecode.c.objc; path = VideoPlayerViewController.m; sourceTree = "<group>"; };
		A2B5463D14F4AFB40075405B /* ToolKitViewController.h */ = {isa = PBXFileReference; fileEncoding = 4; lastKnownFileType = sourcecode.c.h; path = ToolKitViewController.h; sourceTree = "<group>"; };
		A2B5463E14F4AFB40075405B /* ToolKitViewController.m */ = {isa = PBXFileReference; fileEncoding = 4; lastKnownFileType = sourcecode.c.objc; path = ToolKitViewController.m; sourceTree = "<group>"; };
		A2B5464414F547850075405B /* UIView+UIKitCategories.h */ = {isa = PBXFileReference; fileEncoding = 4; lastKnownFileType = sourcecode.c.h; path = "UIView+UIKitCategories.h"; sourceTree = "<group>"; };
		A2B5464514F547850075405B /* UIView+UIKitCategories.m */ = {isa = PBXFileReference; fileEncoding = 4; lastKnownFileType = sourcecode.c.objc; path = "UIView+UIKitCategories.m"; sourceTree = "<group>"; };
/* End PBXFileReference section */

/* Begin PBXFrameworksBuildPhase section */
		3000B57C14F426C00054E59A /* Frameworks */ = {
			isa = PBXFrameworksBuildPhase;
			buildActionMask = 2147483647;
			files = (
				30C4EE3414F6D05B00BC0074 /* MobileCoreServices.framework in Frameworks */,
				30C4EE3214F6D02600BC0074 /* AVFoundation.framework in Frameworks */,
				302DE28F14F444D200AAB79D /* QuartzCore.framework in Frameworks */,
				3000B58814F426C00054E59A /* CoreGraphics.framework in Frameworks */,
				301FBB2114F4295C0093161F /* CoreLocation.framework in Frameworks */,
				301FBB1B14F428070093161F /* MapKit.framework in Frameworks */,
				3000B58414F426C00054E59A /* UIKit.framework in Frameworks */,
				3000B58614F426C00054E59A /* Foundation.framework in Frameworks */,
			);
			runOnlyForDeploymentPostprocessing = 0;
		};
/* End PBXFrameworksBuildPhase section */

/* Begin PBXGroup section */
		3000B57414F426BF0054E59A = {
			isa = PBXGroup;
			children = (
				3000B58914F426C00054E59A /* ToolKit */,
				3000B58214F426C00054E59A /* Frameworks */,
				3000B58014F426C00054E59A /* Products */,
			);
			sourceTree = "<group>";
		};
		3000B58014F426C00054E59A /* Products */ = {
			isa = PBXGroup;
			children = (
				3000B57F14F426C00054E59A /* ToolKit.app */,
			);
			name = Products;
			sourceTree = "<group>";
		};
		3000B58214F426C00054E59A /* Frameworks */ = {
			isa = PBXGroup;
			children = (
				3000B58314F426C00054E59A /* UIKit.framework */,
				3000B58514F426C00054E59A /* Foundation.framework */,
				3000B58714F426C00054E59A /* CoreGraphics.framework */,
			);
			name = Frameworks;
			sourceTree = "<group>";
		};
		3000B58914F426C00054E59A /* ToolKit */ = {
			isa = PBXGroup;
			children = (
				3000B59214F426C00054E59A /* UNCCAppDelegate.h */,
				3000B59314F426C00054E59A /* UNCCAppDelegate.m */,
				A2B5463D14F4AFB40075405B /* ToolKitViewController.h */,
				A2B5463E14F4AFB40075405B /* ToolKitViewController.m */,
				302DE29014F4455200AAB79D /* Acceleration */,
				A2B5464F14F54B890075405B /* Camera */,
				302DE29114F4457C00AAB79D /* Location */,
				3000B58A14F426C00054E59A /* Supporting Files */,
			);
			path = ToolKit;
			sourceTree = "<group>";
		};
		3000B58A14F426C00054E59A /* Supporting Files */ = {
			isa = PBXGroup;
			children = (
				3000B58B14F426C00054E59A /* ToolKit-Info.plist */,
				3000B58C14F426C00054E59A /* InfoPlist.strings */,
				3000B58F14F426C00054E59A /* main.m */,
				3000B59114F426C00054E59A /* ToolKit-Prefix.pch */,
				A2B5464414F547850075405B /* UIView+UIKitCategories.h */,
				A2B5464514F547850075405B /* UIView+UIKitCategories.m */,
			);
			name = "Supporting Files";
			sourceTree = "<group>";
		};
		302DE29014F4455200AAB79D /* Acceleration */ = {
			isa = PBXGroup;
			children = (
				302DE28314F4420E00AAB79D /* AccelerationView.h */,
				302DE28414F4420E00AAB79D /* AccelerationView.m */,
				302DE28B14F4448E00AAB79D /* GraphView.h */,
				302DE28C14F4448E00AAB79D /* GraphView.m */,
				302DE28E14F444D200AAB79D /* QuartzCore.framework */,
			);
			name = Acceleration;
			sourceTree = "<group>";
		};
		302DE29114F4457C00AAB79D /* Location */ = {
			isa = PBXGroup;
			children = (
				301FBB1614F427D50093161F /* GPSView.h */,
				301FBB1714F427D50093161F /* GPSView.m */,
				301FBB2014F4295C0093161F /* CoreLocation.framework */,
				301FBB1A14F428070093161F /* MapKit.framework */,
			);
			name = Location;
			sourceTree = "<group>";
		};
		A2B5464F14F54B890075405B /* Camera */ = {
			isa = PBXGroup;
			children = (
				30C4EE2A14F6AB5A00BC0074 /* CameraView.h */,
				30C4EE2914F6AB5A00BC0074 /* CameraView.m */,
				30C4EE2E14F6CFCC00BC0074 /* VideoPlayerView.h */,
				30C4EE2F14F6CFCC00BC0074 /* VideoPlayerView.m */,
				30C4EE4114F6DA5700BC0074 /* VideoPlayerViewController.h */,
				30C4EE4214F6DA5700BC0074 /* VideoPlayerViewController.m */,
				30C4EE3314F6D05B00BC0074 /* MobileCoreServices.framework */,
				30C4EE3114F6D02600BC0074 /* AVFoundation.framework */,
			);
			name = Camera;
			sourceTree = "<group>";
		};
/* End PBXGroup section */

/* Begin PBXNativeTarget section */
		3000B57E14F426C00054E59A /* ToolKit */ = {
			isa = PBXNativeTarget;
			buildConfigurationList = 3000B59714F426C00054E59A /* Build configuration list for PBXNativeTarget "ToolKit" */;
			buildPhases = (
				3000B57B14F426C00054E59A /* Sources */,
				3000B57C14F426C00054E59A /* Frameworks */,
				3000B57D14F426C00054E59A /* Resources */,
			);
			buildRules = (
			);
			dependencies = (
			);
			name = ToolKit;
			productName = ToolKit;
			productReference = 3000B57F14F426C00054E59A /* ToolKit.app */;
			productType = "com.apple.product-type.application";
		};
/* End PBXNativeTarget section */

/* Begin PBXProject section */
		3000B57614F426BF0054E59A /* Project object */ = {
			isa = PBXProject;
			attributes = {
				LastUpgradeCheck = 0420;
			};
			buildConfigurationList = 3000B57914F426BF0054E59A /* Build configuration list for PBXProject "ToolKit" */;
			compatibilityVersion = "Xcode 3.2";
			developmentRegion = English;
			hasScannedForEncodings = 0;
			knownRegions = (
				en,
			);
			mainGroup = 3000B57414F426BF0054E59A;
			productRefGroup = 3000B58014F426C00054E59A /* Products */;
			projectDirPath = "";
			projectRoot = "";
			targets = (
				3000B57E14F426C00054E59A /* ToolKit */,
			);
		};
/* End PBXProject section */

/* Begin PBXResourcesBuildPhase section */
		3000B57D14F426C00054E59A /* Resources */ = {
			isa = PBXResourcesBuildPhase;
			buildActionMask = 2147483647;
			files = (
				3000B58E14F426C00054E59A /* InfoPlist.strings in Resources */,
			);
			runOnlyForDeploymentPostprocessing = 0;
		};
/* End PBXResourcesBuildPhase section */

/* Begin PBXSourcesBuildPhase section */
		3000B57B14F426C00054E59A /* Sources */ = {
			isa = PBXSourcesBuildPhase;
			buildActionMask = 2147483647;
			files = (
				3000B59014F426C00054E59A /* main.m in Sources */,
				3000B59414F426C00054E59A /* UNCCAppDelegate.m in Sources */,
				301FBB1814F427D50093161F /* GPSView.m in Sources */,
				302DE28514F4420E00AAB79D /* AccelerationView.m in Sources */,
				302DE28D14F4448E00AAB79D /* GraphView.m in Sources */,
				A2B5463F14F4AFB40075405B /* ToolKitViewController.m in Sources */,
				A2B5464614F547850075405B /* UIView+UIKitCategories.m in Sources */,
				30C4EE2B14F6AB5A00BC0074 /* CameraView.m in Sources */,
				30C4EE3014F6CFCC00BC0074 /* VideoPlayerView.m in Sources */,
				30C4EE4314F6DA5700BC0074 /* VideoPlayerViewController.m in Sources */,
			);
			runOnlyForDeploymentPostprocessing = 0;
		};
/* End PBXSourcesBuildPhase section */

/* Begin PBXVariantGroup section */
		3000B58C14F426C00054E59A /* InfoPlist.strings */ = {
			isa = PBXVariantGroup;
			children = (
				3000B58D14F426C00054E59A /* en */,
			);
			name = InfoPlist.strings;
			sourceTree = "<group>";
		};
/* End PBXVariantGroup section */

/* Begin XCBuildConfiguration section */
		3000B59514F426C00054E59A /* Debug */ = {
			isa = XCBuildConfiguration;
			buildSettings = {
				ALWAYS_SEARCH_USER_PATHS = NO;
				ARCHS = "$(ARCHS_STANDARD_32_BIT)";
				CLANG_ENABLE_OBJC_ARC = YES;
				"CODE_SIGN_IDENTITY[sdk=iphoneos*]" = "iPhone Developer";
				COPY_PHASE_STRIP = NO;
				GCC_C_LANGUAGE_STANDARD = gnu99;
				GCC_DYNAMIC_NO_PIC = NO;
				GCC_OPTIMIZATION_LEVEL = 0;
				GCC_PREPROCESSOR_DEFINITIONS = (
					"DEBUG=1",
					"$(inherited)",
				);
				GCC_SYMBOLS_PRIVATE_EXTERN = NO;
				GCC_VERSION = com.apple.compilers.llvm.clang.1_0;
				GCC_WARN_ABOUT_MISSING_PROTOTYPES = YES;
				GCC_WARN_ABOUT_RETURN_TYPE = YES;
				GCC_WARN_UNUSED_VARIABLE = YES;
				IPHONEOS_DEPLOYMENT_TARGET = 5.0;
				SDKROOT = iphoneos;
				TARGETED_DEVICE_FAMILY = "1,2";
			};
			name = Debug;
		};
		3000B59614F426C00054E59A /* Release */ = {
			isa = XCBuildConfiguration;
			buildSettings = {
				ALWAYS_SEARCH_USER_PATHS = NO;
				ARCHS = "$(ARCHS_STANDARD_32_BIT)";
				CLANG_ENABLE_OBJC_ARC = YES;
				"CODE_SIGN_IDENTITY[sdk=iphoneos*]" = "iPhone Developer";
				COPY_PHASE_STRIP = YES;
				GCC_C_LANGUAGE_STANDARD = gnu99;
				GCC_VERSION = com.apple.compilers.llvm.clang.1_0;
				GCC_WARN_ABOUT_MISSING_PROTOTYPES = YES;
				GCC_WARN_ABOUT_RETURN_TYPE = YES;
				GCC_WARN_UNUSED_VARIABLE = YES;
				IPHONEOS_DEPLOYMENT_TARGET = 5.0;
				OTHER_CFLAGS = "-DNS_BLOCK_ASSERTIONS=1";
				SDKROOT = iphoneos;
				TARGETED_DEVICE_FAMILY = "1,2";
				VALIDATE_PRODUCT = YES;
			};
			name = Release;
		};
		3000B59814F426C00054E59A /* Debug */ = {
			isa = XCBuildConfiguration;
			buildSettings = {
				GCC_PRECOMPILE_PREFIX_HEADER = YES;
				GCC_PREFIX_HEADER = "ToolKit/ToolKit-Prefix.pch";
				INFOPLIST_FILE = "ToolKit/ToolKit-Info.plist";
				PRODUCT_NAME = "$(TARGET_NAME)";
				WRAPPER_EXTENSION = app;
			};
			name = Debug;
		};
		3000B59914F426C00054E59A /* Release */ = {
			isa = XCBuildConfiguration;
			buildSettings = {
				GCC_PRECOMPILE_PREFIX_HEADER = YES;
				GCC_PREFIX_HEADER = "ToolKit/ToolKit-Prefix.pch";
				INFOPLIST_FILE = "ToolKit/ToolKit-Info.plist";
				PRODUCT_NAME = "$(TARGET_NAME)";
				WRAPPER_EXTENSION = app;
			};
			name = Release;
		};
/* End XCBuildConfiguration section */

/* Begin XCConfigurationList section */
		3000B57914F426BF0054E59A /* Build configuration list for PBXProject "ToolKit" */ = {
			isa = XCConfigurationList;
			buildConfigurations = (
				3000B59514F426C00054E59A /* Debug */,
				3000B59614F426C00054E59A /* Release */,
			);
			defaultConfigurationIsVisible = 0;
			defaultConfigurationName = Release;
		};
		3000B59714F426C00054E59A /* Build configuration list for PBXNativeTarget "ToolKit" */ = {
			isa = XCConfigurationList;
			buildConfigurations = (
				3000B59814F426C00054E59A /* Debug */,
				3000B59914F426C00054E59A /* Release */,
			);
			defaultConfigurationIsVisible = 0;
			defaultConfigurationName = Release;
		};
/* End XCConfigurationList section */
	};
	rootObject = 3000B57614F426BF0054E59A /* Project object */;
}
